// !$*UTF8*$!
{
	archiveVersion = 1;
	classes = {
	};
	objectVersion = 50;
	objects = {

/* Begin PBXBuildFile section */
		82118AE4259B850F00856D38 /* AppDelegate.swift in Sources */ = {isa = PBXBuildFile; fileRef = 82118AE3259B850F00856D38 /* AppDelegate.swift */; };
		82118AE6259B850F00856D38 /* SceneDelegate.swift in Sources */ = {isa = PBXBuildFile; fileRef = 82118AE5259B850F00856D38 /* SceneDelegate.swift */; };
		82118AE8259B850F00856D38 /* ViewController.swift in Sources */ = {isa = PBXBuildFile; fileRef = 82118AE7259B850F00856D38 /* ViewController.swift */; };
		82118AEB259B850F00856D38 /* Main.storyboard in Resources */ = {isa = PBXBuildFile; fileRef = 82118AE9259B850F00856D38 /* Main.storyboard */; };
		82118AED259B851100856D38 /* Assets.xcassets in Resources */ = {isa = PBXBuildFile; fileRef = 82118AEC259B851100856D38 /* Assets.xcassets */; };
		82118AF0259B851100856D38 /* LaunchScreen.storyboard in Resources */ = {isa = PBXBuildFile; fileRef = 82118AEE259B851100856D38 /* LaunchScreen.storyboard */; };
		82118AFB259B851100856D38 /* mission4Tests.swift in Sources */ = {isa = PBXBuildFile; fileRef = 82118AFA259B851100856D38 /* mission4Tests.swift */; };
		82118B06259B851100856D38 /* mission4UITests.swift in Sources */ = {isa = PBXBuildFile; fileRef = 82118B05259B851100856D38 /* mission4UITests.swift */; };
/* End PBXBuildFile section */

/* Begin PBXContainerItemProxy section */
		82118AF7259B851100856D38 /* PBXContainerItemProxy */ = {
			isa = PBXContainerItemProxy;
			containerPortal = 82118AD8259B850F00856D38 /* Project object */;
			proxyType = 1;
			remoteGlobalIDString = 82118ADF259B850F00856D38;
			remoteInfo = mission4;
		};
		82118B02259B851100856D38 /* PBXContainerItemProxy */ = {
			isa = PBXContainerItemProxy;
			containerPortal = 82118AD8259B850F00856D38 /* Project object */;
			proxyType = 1;
			remoteGlobalIDString = 82118ADF259B850F00856D38;
			remoteInfo = mission4;
		};
/* End PBXContainerItemProxy section */

/* Begin PBXFileReference section */
		82118AE0259B850F00856D38 /* mission4.app */ = {isa = PBXFileReference; explicitFileType = wrapper.application; includeInIndex = 0; path = mission4.app; sourceTree = BUILT_PRODUCTS_DIR; };
		82118AE3259B850F00856D38 /* AppDelegate.swift */ = {isa = PBXFileReference; lastKnownFileType = sourcecode.swift; path = AppDelegate.swift; sourceTree = "<group>"; };
		82118AE5259B850F00856D38 /* SceneDelegate.swift */ = {isa = PBXFileReference; lastKnownFileType = sourcecode.swift; path = SceneDelegate.swift; sourceTree = "<group>"; };
		82118AE7259B850F00856D38 /* ViewController.swift */ = {isa = PBXFileReference; lastKnownFileType = sourcecode.swift; path = ViewController.swift; sourceTree = "<group>"; };
		82118AEA259B850F00856D38 /* Base */ = {isa = PBXFileReference; lastKnownFileType = file.storyboard; name = Base; path = Base.lproj/Main.storyboard; sourceTree = "<group>"; };
		82118AEC259B851100856D38 /* Assets.xcassets */ = {isa = PBXFileReference; lastKnownFileType = folder.assetcatalog; path = Assets.xcassets; sourceTree = "<group>"; };
		82118AEF259B851100856D38 /* Base */ = {isa = PBXFileReference; lastKnownFileType = file.storyboard; name = Base; path = Base.lproj/LaunchScreen.storyboard; sourceTree = "<group>"; };
		82118AF1259B851100856D38 /* Info.plist */ = {isa = PBXFileReference; lastKnownFileType = text.plist.xml; path = Info.plist; sourceTree = "<group>"; };
		82118AF6259B851100856D38 /* mission4Tests.xctest */ = {isa = PBXFileReference; explicitFileType = wrapper.cfbundle; includeInIndex = 0; path = mission4Tests.xctest; sourceTree = BUILT_PRODUCTS_DIR; };
		82118AFA259B851100856D38 /* mission4Tests.swift */ = {isa = PBXFileReference; lastKnownFileType = sourcecode.swift; path = mission4Tests.swift; sourceTree = "<group>"; };
		82118AFC259B851100856D38 /* Info.plist */ = {isa = PBXFileReference; lastKnownFileType = text.plist.xml; path = Info.plist; sourceTree = "<group>"; };
		82118B01259B851100856D38 /* mission4UITests.xctest */ = {isa = PBXFileReference; explicitFileType = wrapper.cfbundle; includeInIndex = 0; path = mission4UITests.xctest; sourceTree = BUILT_PRODUCTS_DIR; };
		82118B05259B851100856D38 /* mission4UITests.swift */ = {isa = PBXFileReference; lastKnownFileType = sourcecode.swift; path = mission4UITests.swift; sourceTree = "<group>"; };
		82118B07259B851100856D38 /* Info.plist */ = {isa = PBXFileReference; lastKnownFileType = text.plist.xml; path = Info.plist; sourceTree = "<group>"; };
/* End PBXFileReference section */

/* Begin PBXFrameworksBuildPhase section */
		82118ADD259B850F00856D38 /* Frameworks */ = {
			isa = PBXFrameworksBuildPhase;
			buildActionMask = 2147483647;
			files = (
			);
			runOnlyForDeploymentPostprocessing = 0;
		};
		82118AF3259B851100856D38 /* Frameworks */ = {
			isa = PBXFrameworksBuildPhase;
			buildActionMask = 2147483647;
			files = (
			);
			runOnlyForDeploymentPostprocessing = 0;
		};
		82118AFE259B851100856D38 /* Frameworks */ = {
			isa = PBXFrameworksBuildPhase;
			buildActionMask = 2147483647;
			files = (
			);
			runOnlyForDeploymentPostprocessing = 0;
		};
/* End PBXFrameworksBuildPhase section */

/* Begin PBXGroup section */
		82118AD7259B850F00856D38 = {
			isa = PBXGroup;
			children = (
				82118AE2259B850F00856D38 /* mission4 */,
				82118AF9259B851100856D38 /* mission4Tests */,
				82118B04259B851100856D38 /* mission4UITests */,
				82118AE1259B850F00856D38 /* Products */,
			);
			sourceTree = "<group>";
		};
		82118AE1259B850F00856D38 /* Products */ = {
			isa = PBXGroup;
			children = (
				82118AE0259B850F00856D38 /* mission4.app */,
				82118AF6259B851100856D38 /* mission4Tests.xctest */,
				82118B01259B851100856D38 /* mission4UITests.xctest */,
			);
			name = Products;
			sourceTree = "<group>";
		};
		82118AE2259B850F00856D38 /* mission4 */ = {
			isa = PBXGroup;
			children = (
				82118AE3259B850F00856D38 /* AppDelegate.swift */,
				82118AE5259B850F00856D38 /* SceneDelegate.swift */,
				82118AE7259B850F00856D38 /* ViewController.swift */,
				82118AE9259B850F00856D38 /* Main.storyboard */,
				82118AEC259B851100856D38 /* Assets.xcassets */,
				82118AEE259B851100856D38 /* LaunchScreen.storyboard */,
				82118AF1259B851100856D38 /* Info.plist */,
			);
			path = mission4;
			sourceTree = "<group>";
		};
		82118AF9259B851100856D38 /* mission4Tests */ = {
			isa = PBXGroup;
			children = (
				82118AFA259B851100856D38 /* mission4Tests.swift */,
				82118AFC259B851100856D38 /* Info.plist */,
			);
			path = mission4Tests;
			sourceTree = "<group>";
		};
		82118B04259B851100856D38 /* mission4UITests */ = {
			isa = PBXGroup;
			children = (
				82118B05259B851100856D38 /* mission4UITests.swift */,
				82118B07259B851100856D38 /* Info.plist */,
			);
			path = mission4UITests;
			sourceTree = "<group>";
		};
/* End PBXGroup section */

/* Begin PBXNativeTarget section */
		82118ADF259B850F00856D38 /* mission4 */ = {
			isa = PBXNativeTarget;
			buildConfigurationList = 82118B0A259B851100856D38 /* Build configuration list for PBXNativeTarget "mission4" */;
			buildPhases = (
				82118ADC259B850F00856D38 /* Sources */,
				82118ADD259B850F00856D38 /* Frameworks */,
				82118ADE259B850F00856D38 /* Resources */,
			);
			buildRules = (
			);
			dependencies = (
			);
			name = mission4;
			productName = mission4;
			productReference = 82118AE0259B850F00856D38 /* mission4.app */;
			productType = "com.apple.product-type.application";
		};
		82118AF5259B851100856D38 /* mission4Tests */ = {
			isa = PBXNativeTarget;
			buildConfigurationList = 82118B0D259B851100856D38 /* Build configuration list for PBXNativeTarget "mission4Tests" */;
			buildPhases = (
				82118AF2259B851100856D38 /* Sources */,
				82118AF3259B851100856D38 /* Frameworks */,
				82118AF4259B851100856D38 /* Resources */,
			);
			buildRules = (
			);
			dependencies = (
				82118AF8259B851100856D38 /* PBXTargetDependency */,
			);
			name = mission4Tests;
			productName = mission4Tests;
			productReference = 82118AF6259B851100856D38 /* mission4Tests.xctest */;
			productType = "com.apple.product-type.bundle.unit-test";
		};
		82118B00259B851100856D38 /* mission4UITests */ = {
			isa = PBXNativeTarget;
			buildConfigurationList = 82118B10259B851100856D38 /* Build configuration list for PBXNativeTarget "mission4UITests" */;
			buildPhases = (
				82118AFD259B851100856D38 /* Sources */,
				82118AFE259B851100856D38 /* Frameworks */,
				82118AFF259B851100856D38 /* Resources */,
			);
			buildRules = (
			);
			dependencies = (
				82118B03259B851100856D38 /* PBXTargetDependency */,
			);
			name = mission4UITests;
			productName = mission4UITests;
			productReference = 82118B01259B851100856D38 /* mission4UITests.xctest */;
			productType = "com.apple.product-type.bundle.ui-testing";
		};
/* End PBXNativeTarget section */

/* Begin PBXProject section */
		82118AD8259B850F00856D38 /* Project object */ = {
			isa = PBXProject;
			attributes = {
				LastSwiftUpdateCheck = 1220;
				LastUpgradeCheck = 1220;
				TargetAttributes = {
					82118ADF259B850F00856D38 = {
						CreatedOnToolsVersion = 12.2;
					};
					82118AF5259B851100856D38 = {
						CreatedOnToolsVersion = 12.2;
						TestTargetID = 82118ADF259B850F00856D38;
					};
					82118B00259B851100856D38 = {
						CreatedOnToolsVersion = 12.2;
						TestTargetID = 82118ADF259B850F00856D38;
					};
				};
			};
			buildConfigurationList = 82118ADB259B850F00856D38 /* Build configuration list for PBXProject "mission4" */;
			compatibilityVersion = "Xcode 9.3";
			developmentRegion = en;
			hasScannedForEncodings = 0;
			knownRegions = (
				en,
				Base,
			);
			mainGroup = 82118AD7259B850F00856D38;
			productRefGroup = 82118AE1259B850F00856D38 /* Products */;
			projectDirPath = "";
			projectRoot = "";
			targets = (
				82118ADF259B850F00856D38 /* mission4 */,
				82118AF5259B851100856D38 /* mission4Tests */,
				82118B00259B851100856D38 /* mission4UITests */,
			);
		};
/* End PBXProject section */

/* Begin PBXResourcesBuildPhase section */
		82118ADE259B850F00856D38 /* Resources */ = {
			isa = PBXResourcesBuildPhase;
			buildActionMask = 2147483647;
			files = (
				82118AF0259B851100856D38 /* LaunchScreen.storyboard in Resources */,
				82118AED259B851100856D38 /* Assets.xcassets in Resources */,
				82118AEB259B850F00856D38 /* Main.storyboard in Resources */,
			);
			runOnlyForDeploymentPostprocessing = 0;
		};
		82118AF4259B851100856D38 /* Resources */ = {
			isa = PBXResourcesBuildPhase;
			buildActionMask = 2147483647;
			files = (
			);
			runOnlyForDeploymentPostprocessing = 0;
		};
		82118AFF259B851100856D38 /* Resources */ = {
			isa = PBXResourcesBuildPhase;
			buildActionMask = 2147483647;
			files = (
			);
			runOnlyForDeploymentPostprocessing = 0;
		};
/* End PBXResourcesBuildPhase section */

/* Begin PBXSourcesBuildPhase section */
		82118ADC259B850F00856D38 /* Sources */ = {
			isa = PBXSourcesBuildPhase;
			buildActionMask = 2147483647;
			files = (
				82118AE8259B850F00856D38 /* ViewController.swift in Sources */,
				82118AE4259B850F00856D38 /* AppDelegate.swift in Sources */,
				82118AE6259B850F00856D38 /* SceneDelegate.swift in Sources */,
			);
			runOnlyForDeploymentPostprocessing = 0;
		};
		82118AF2259B851100856D38 /* Sources */ = {
			isa = PBXSourcesBuildPhase;
			buildActionMask = 2147483647;
			files = (
				82118AFB259B851100856D38 /* mission4Tests.swift in Sources */,
			);
			runOnlyForDeploymentPostprocessing = 0;
		};
		82118AFD259B851100856D38 /* Sources */ = {
			isa = PBXSourcesBuildPhase;
			buildActionMask = 2147483647;
			files = (
				82118B06259B851100856D38 /* mission4UITests.swift in Sources */,
			);
			runOnlyForDeploymentPostprocessing = 0;
		};
/* End PBXSourcesBuildPhase section */

/* Begin PBXTargetDependency section */
		82118AF8259B851100856D38 /* PBXTargetDependency */ = {
			isa = PBXTargetDependency;
			target = 82118ADF259B850F00856D38 /* mission4 */;
			targetProxy = 82118AF7259B851100856D38 /* PBXContainerItemProxy */;
		};
		82118B03259B851100856D38 /* PBXTargetDependency */ = {
			isa = PBXTargetDependency;
			target = 82118ADF259B850F00856D38 /* mission4 */;
			targetProxy = 82118B02259B851100856D38 /* PBXContainerItemProxy */;
		};
/* End PBXTargetDependency section */

/* Begin PBXVariantGroup section */
		82118AE9259B850F00856D38 /* Main.storyboard */ = {
			isa = PBXVariantGroup;
			children = (
				82118AEA259B850F00856D38 /* Base */,
			);
			name = Main.storyboard;
			sourceTree = "<group>";
		};
		82118AEE259B851100856D38 /* LaunchScreen.storyboard */ = {
			isa = PBXVariantGroup;
			children = (
				82118AEF259B851100856D38 /* Base */,
			);
			name = LaunchScreen.storyboard;
			sourceTree = "<group>";
		};
/* End PBXVariantGroup section */

/* Begin XCBuildConfiguration section */
		82118B08259B851100856D38 /* Debug */ = {
			isa = XCBuildConfiguration;
			buildSettings = {
				ALWAYS_SEARCH_USER_PATHS = NO;
				CLANG_ANALYZER_NONNULL = YES;
				CLANG_ANALYZER_NUMBER_OBJECT_CONVERSION = YES_AGGRESSIVE;
				CLANG_CXX_LANGUAGE_STANDARD = "gnu++14";
				CLANG_CXX_LIBRARY = "libc++";
				CLANG_ENABLE_MODULES = YES;
				CLANG_ENABLE_OBJC_ARC = YES;
				CLANG_ENABLE_OBJC_WEAK = YES;
				CLANG_WARN_BLOCK_CAPTURE_AUTORELEASING = YES;
				CLANG_WARN_BOOL_CONVERSION = YES;
				CLANG_WARN_COMMA = YES;
				CLANG_WARN_CONSTANT_CONVERSION = YES;
				CLANG_WARN_DEPRECATED_OBJC_IMPLEMENTATIONS = YES;
				CLANG_WARN_DIRECT_OBJC_ISA_USAGE = YES_ERROR;
				CLANG_WARN_DOCUMENTATION_COMMENTS = YES;
				CLANG_WARN_EMPTY_BODY = YES;
				CLANG_WARN_ENUM_CONVERSION = YES;
				CLANG_WARN_INFINITE_RECURSION = YES;
				CLANG_WARN_INT_CONVERSION = YES;
				CLANG_WARN_NON_LITERAL_NULL_CONVERSION = YES;
				CLANG_WARN_OBJC_IMPLICIT_RETAIN_SELF = YES;
				CLANG_WARN_OBJC_LITERAL_CONVERSION = YES;
				CLANG_WARN_OBJC_ROOT_CLASS = YES_ERROR;
				CLANG_WARN_QUOTED_INCLUDE_IN_FRAMEWORK_HEADER = YES;
				CLANG_WARN_RANGE_LOOP_ANALYSIS = YES;
				CLANG_WARN_STRICT_PROTOTYPES = YES;
				CLANG_WARN_SUSPICIOUS_MOVE = YES;
				CLANG_WARN_UNGUARDED_AVAILABILITY = YES_AGGRESSIVE;
				CLANG_WARN_UNREACHABLE_CODE = YES;
				CLANG_WARN__DUPLICATE_METHOD_MATCH = YES;
				COPY_PHASE_STRIP = NO;
				DEBUG_INFORMATION_FORMAT = dwarf;
				ENABLE_STRICT_OBJC_MSGSEND = YES;
				ENABLE_TESTABILITY = YES;
				GCC_C_LANGUAGE_STANDARD = gnu11;
				GCC_DYNAMIC_NO_PIC = NO;
				GCC_NO_COMMON_BLOCKS = YES;
				GCC_OPTIMIZATION_LEVEL = 0;
				GCC_PREPROCESSOR_DEFINITIONS = (
					"DEBUG=1",
					"$(inherited)",
				);
				GCC_WARN_64_TO_32_BIT_CONVERSION = YES;
				GCC_WARN_ABOUT_RETURN_TYPE = YES_ERROR;
				GCC_WARN_UNDECLARED_SELECTOR = YES;
				GCC_WARN_UNINITIALIZED_AUTOS = YES_AGGRESSIVE;
				GCC_WARN_UNUSED_FUNCTION = YES;
				GCC_WARN_UNUSED_VARIABLE = YES;
				IPHONEOS_DEPLOYMENT_TARGET = 14.2;
				MTL_ENABLE_DEBUG_INFO = INCLUDE_SOURCE;
				MTL_FAST_MATH = YES;
				ONLY_ACTIVE_ARCH = YES;
				SDKROOT = iphoneos;
				SWIFT_ACTIVE_COMPILATION_CONDITIONS = DEBUG;
				SWIFT_OPTIMIZATION_LEVEL = "-Onone";
			};
			name = Debug;
		};
		82118B09259B851100856D38 /* Release */ = {
			isa = XCBuildConfiguration;
			buildSettings = {
				ALWAYS_SEARCH_USER_PATHS = NO;
				CLANG_ANALYZER_NONNULL = YES;
				CLANG_ANALYZER_NUMBER_OBJECT_CONVERSION = YES_AGGRESSIVE;
				CLANG_CXX_LANGUAGE_STANDARD = "gnu++14";
				CLANG_CXX_LIBRARY = "libc++";
				CLANG_ENABLE_MODULES = YES;
				CLANG_ENABLE_OBJC_ARC = YES;
				CLANG_ENABLE_OBJC_WEAK = YES;
				CLANG_WARN_BLOCK_CAPTURE_AUTORELEASING = YES;
				CLANG_WARN_BOOL_CONVERSION = YES;
				CLANG_WARN_COMMA = YES;
				CLANG_WARN_CONSTANT_CONVERSION = YES;
				CLANG_WARN_DEPRECATED_OBJC_IMPLEMENTATIONS = YES;
				CLANG_WARN_DIRECT_OBJC_ISA_USAGE = YES_ERROR;
				CLANG_WARN_DOCUMENTATION_COMMENTS = YES;
				CLANG_WARN_EMPTY_BODY = YES;
				CLANG_WARN_ENUM_CONVERSION = YES;
				CLANG_WARN_INFINITE_RECURSION = YES;
				CLANG_WARN_INT_CONVERSION = YES;
				CLANG_WARN_NON_LITERAL_NULL_CONVERSION = YES;
				CLANG_WARN_OBJC_IMPLICIT_RETAIN_SELF = YES;
				CLANG_WARN_OBJC_LITERAL_CONVERSION = YES;
				CLANG_WARN_OBJC_ROOT_CLASS = YES_ERROR;
				CLANG_WARN_QUOTED_INCLUDE_IN_FRAMEWORK_HEADER = YES;
				CLANG_WARN_RANGE_LOOP_ANALYSIS = YES;
				CLANG_WARN_STRICT_PROTOTYPES = YES;
				CLANG_WARN_SUSPICIOUS_MOVE = YES;
				CLANG_WARN_UNGUARDED_AVAILABILITY = YES_AGGRESSIVE;
				CLANG_WARN_UNREACHABLE_CODE = YES;
				CLANG_WARN__DUPLICATE_METHOD_MATCH = YES;
				COPY_PHASE_STRIP = NO;
				DEBUG_INFORMATION_FORMAT = "dwarf-with-dsym";
				ENABLE_NS_ASSERTIONS = NO;
				ENABLE_STRICT_OBJC_MSGSEND = YES;
				GCC_C_LANGUAGE_STANDARD = gnu11;
				GCC_NO_COMMON_BLOCKS = YES;
				GCC_WARN_64_TO_32_BIT_CONVERSION = YES;
				GCC_WARN_ABOUT_RETURN_TYPE = YES_ERROR;
				GCC_WARN_UNDECLARED_SELECTOR = YES;
				GCC_WARN_UNINITIALIZED_AUTOS = YES_AGGRESSIVE;
				GCC_WARN_UNUSED_FUNCTION = YES;
				GCC_WARN_UNUSED_VARIABLE = YES;
				IPHONEOS_DEPLOYMENT_TARGET = 14.2;
				MTL_ENABLE_DEBUG_INFO = NO;
				MTL_FAST_MATH = YES;
				SDKROOT = iphoneos;
				SWIFT_COMPILATION_MODE = wholemodule;
				SWIFT_OPTIMIZATION_LEVEL = "-O";
				VALIDATE_PRODUCT = YES;
			};
			name = Release;
		};
		82118B0B259B851100856D38 /* Debug */ = {
			isa = XCBuildConfiguration;
			buildSettings = {
				ASSETCATALOG_COMPILER_APPICON_NAME = AppIcon;
				ASSETCATALOG_COMPILER_GLOBAL_ACCENT_COLOR_NAME = AccentColor;
				CODE_SIGN_STYLE = Automatic;
				DEVELOPMENT_TEAM = 6V73VZX49U;
				INFOPLIST_FILE = mission4/Info.plist;
				LD_RUNPATH_SEARCH_PATHS = (
					"$(inherited)",
					"@executable_path/Frameworks",
				);
				PRODUCT_BUNDLE_IDENTIFIER = com.jungwon.mission4;
				PRODUCT_NAME = "$(TARGET_NAME)";
				SWIFT_VERSION = 5.0;
				TARGETED_DEVICE_FAMILY = "1,2";
			};
			name = Debug;
		};
		82118B0C259B851100856D38 /* Release */ = {
			isa = XCBuildConfiguration;
			buildSettings = {
				ASSETCATALOG_COMPILER_APPICON_NAME = AppIcon;
				ASSETCATALOG_COMPILER_GLOBAL_ACCENT_COLOR_NAME = AccentColor;
				CODE_SIGN_STYLE = Automatic;
				DEVELOPMENT_TEAM = 6V73VZX49U;
				INFOPLIST_FILE = mission4/Info.plist;
				LD_RUNPATH_SEARCH_PATHS = (
					"$(inherited)",
					"@executable_path/Frameworks",
				);
				PRODUCT_BUNDLE_IDENTIFIER = com.jungwon.mission4;
				PRODUCT_NAME = "$(TARGET_NAME)";
				SWIFT_VERSION = 5.0;
				TARGETED_DEVICE_FAMILY = "1,2";
			};
			name = Release;
		};
		82118B0E259B851100856D38 /* Debug */ = {
			isa = XCBuildConfiguration;
			buildSettings = {
				ALWAYS_EMBED_SWIFT_STANDARD_LIBRARIES = YES;
				BUNDLE_LOADER = "$(TEST_HOST)";
				CODE_SIGN_STYLE = Automatic;
				DEVELOPMENT_TEAM = 6V73VZX49U;
				INFOPLIST_FILE = mission4Tests/Info.plist;
				IPHONEOS_DEPLOYMENT_TARGET = 14.2;
				LD_RUNPATH_SEARCH_PATHS = (
					"$(inherited)",
					"@executable_path/Frameworks",
					"@loader_path/Frameworks",
				);
				PRODUCT_BUNDLE_IDENTIFIER = com.jungwon.mission4Tests;
				PRODUCT_NAME = "$(TARGET_NAME)";
				SWIFT_VERSION = 5.0;
				TARGETED_DEVICE_FAMILY = "1,2";
				TEST_HOST = "$(BUILT_PRODUCTS_DIR)/mission4.app/mission4";
			};
			name = Debug;
		};
		82118B0F259B851100856D38 /* Release */ = {
			isa = XCBuildConfiguration;
			buildSettings = {
				ALWAYS_EMBED_SWIFT_STANDARD_LIBRARIES = YES;
				BUNDLE_LOADER = "$(TEST_HOST)";
				CODE_SIGN_STYLE = Automatic;
				DEVELOPMENT_TEAM = 6V73VZX49U;
				INFOPLIST_FILE = mission4Tests/Info.plist;
				IPHONEOS_DEPLOYMENT_TARGET = 14.2;
				LD_RUNPATH_SEARCH_PATHS = (
					"$(inherited)",
					"@executable_path/Frameworks",
					"@loader_path/Frameworks",
				);
				PRODUCT_BUNDLE_IDENTIFIER = com.jungwon.mission4Tests;
				PRODUCT_NAME = "$(TARGET_NAME)";
				SWIFT_VERSION = 5.0;
				TARGETED_DEVICE_FAMILY = "1,2";
				TEST_HOST = "$(BUILT_PRODUCTS_DIR)/mission4.app/mission4";
			};
			name = Release;
		};
		82118B11259B851100856D38 /* Debug */ = {
			isa = XCBuildConfiguration;
			buildSettings = {
				ALWAYS_EMBED_SWIFT_STANDARD_LIBRARIES = YES;
				CODE_SIGN_STYLE = Automatic;
				DEVELOPMENT_TEAM = 6V73VZX49U;
				INFOPLIST_FILE = mission4UITests/Info.plist;
				LD_RUNPATH_SEARCH_PATHS = (
					"$(inherited)",
					"@executable_path/Frameworks",
					"@loader_path/Frameworks",
				);
				PRODUCT_BUNDLE_IDENTIFIER = com.jungwon.mission4UITests;
				PRODUCT_NAME = "$(TARGET_NAME)";
				SWIFT_VERSION = 5.0;
				TARGETED_DEVICE_FAMILY = "1,2";
				TEST_TARGET_NAME = mission4;
			};
			name = Debug;
		};
		82118B12259B851100856D38 /* Release */ = {
			isa = XCBuildConfiguration;
			buildSettings = {
				ALWAYS_EMBED_SWIFT_STANDARD_LIBRARIES = YES;
				CODE_SIGN_STYLE = Automatic;
				DEVELOPMENT_TEAM = 6V73VZX49U;
				INFOPLIST_FILE = mission4UITests/Info.plist;
				LD_RUNPATH_SEARCH_PATHS = (
					"$(inherited)",
					"@executable_path/Frameworks",
					"@loader_path/Frameworks",
				);
				PRODUCT_BUNDLE_IDENTIFIER = com.jungwon.mission4UITests;
				PRODUCT_NAME = "$(TARGET_NAME)";
				SWIFT_VERSION = 5.0;
				TARGETED_DEVICE_FAMILY = "1,2";
				TEST_TARGET_NAME = mission4;
			};
			name = Release;
		};
/* End XCBuildConfiguration section */

/* Begin XCConfigurationList section */
		82118ADB259B850F00856D38 /* Build configuration list for PBXProject "mission4" */ = {
			isa = XCConfigurationList;
			buildConfigurations = (
				82118B08259B851100856D38 /* Debug */,
				82118B09259B851100856D38 /* Release */,
			);
			defaultConfigurationIsVisible = 0;
			defaultConfigurationName = Release;
		};
		82118B0A259B851100856D38 /* Build configuration list for PBXNativeTarget "mission4" */ = {
			isa = XCConfigurationList;
			buildConfigurations = (
				82118B0B259B851100856D38 /* Debug */,
				82118B0C259B851100856D38 /* Release */,
			);
			defaultConfigurationIsVisible = 0;
			defaultConfigurationName = Release;
		};
		82118B0D259B851100856D38 /* Build configuration list for PBXNativeTarget "mission4Tests" */ = {
			isa = XCConfigurationList;
			buildConfigurations = (
				82118B0E259B851100856D38 /* Debug */,
				82118B0F259B851100856D38 /* Release */,
			);
			defaultConfigurationIsVisible = 0;
			defaultConfigurationName = Release;
		};
		82118B10259B851100856D38 /* Build configuration list for PBXNativeTarget "mission4UITests" */ = {
			isa = XCConfigurationList;
			buildConfigurations = (
				82118B11259B851100856D38 /* Debug */,
				82118B12259B851100856D38 /* Release */,
			);
			defaultConfigurationIsVisible = 0;
			defaultConfigurationName = Release;
		};
/* End XCConfigurationList section */
	};
	rootObject = 82118AD8259B850F00856D38 /* Project object */;
}
