// !$*UTF8*$!
{
	archiveVersion = 1;
	classes = {
	};
	objectVersion = 50;
	objects = {

/* Begin PBXBuildFile section */
		82118C5825A35F5100856D38 /* AppDelegate.swift in Sources */ = {isa = PBXBuildFile; fileRef = 82118C5725A35F5100856D38 /* AppDelegate.swift */; };
		82118C5A25A35F5100856D38 /* SceneDelegate.swift in Sources */ = {isa = PBXBuildFile; fileRef = 82118C5925A35F5100856D38 /* SceneDelegate.swift */; };
		82118C5C25A35F5100856D38 /* ViewController.swift in Sources */ = {isa = PBXBuildFile; fileRef = 82118C5B25A35F5100856D38 /* ViewController.swift */; };
		82118C5F25A35F5100856D38 /* Main.storyboard in Resources */ = {isa = PBXBuildFile; fileRef = 82118C5D25A35F5100856D38 /* Main.storyboard */; };
		82118C6125A35F5400856D38 /* Assets.xcassets in Resources */ = {isa = PBXBuildFile; fileRef = 82118C6025A35F5400856D38 /* Assets.xcassets */; };
		82118C6425A35F5400856D38 /* LaunchScreen.storyboard in Resources */ = {isa = PBXBuildFile; fileRef = 82118C6225A35F5400856D38 /* LaunchScreen.storyboard */; };
		82118C6F25A35F5500856D38 /* MapTests.swift in Sources */ = {isa = PBXBuildFile; fileRef = 82118C6E25A35F5500856D38 /* MapTests.swift */; };
		82118C7A25A35F5500856D38 /* MapUITests.swift in Sources */ = {isa = PBXBuildFile; fileRef = 82118C7925A35F5500856D38 /* MapUITests.swift */; };
/* End PBXBuildFile section */

/* Begin PBXContainerItemProxy section */
		82118C6B25A35F5500856D38 /* PBXContainerItemProxy */ = {
			isa = PBXContainerItemProxy;
			containerPortal = 82118C4C25A35F5100856D38 /* Project object */;
			proxyType = 1;
			remoteGlobalIDString = 82118C5325A35F5100856D38;
			remoteInfo = Map;
		};
		82118C7625A35F5500856D38 /* PBXContainerItemProxy */ = {
			isa = PBXContainerItemProxy;
			containerPortal = 82118C4C25A35F5100856D38 /* Project object */;
			proxyType = 1;
			remoteGlobalIDString = 82118C5325A35F5100856D38;
			remoteInfo = Map;
		};
/* End PBXContainerItemProxy section */

/* Begin PBXFileReference section */
		82118C5425A35F5100856D38 /* Map.app */ = {isa = PBXFileReference; explicitFileType = wrapper.application; includeInIndex = 0; path = Map.app; sourceTree = BUILT_PRODUCTS_DIR; };
		82118C5725A35F5100856D38 /* AppDelegate.swift */ = {isa = PBXFileReference; lastKnownFileType = sourcecode.swift; path = AppDelegate.swift; sourceTree = "<group>"; };
		82118C5925A35F5100856D38 /* SceneDelegate.swift */ = {isa = PBXFileReference; lastKnownFileType = sourcecode.swift; path = SceneDelegate.swift; sourceTree = "<group>"; };
		82118C5B25A35F5100856D38 /* ViewController.swift */ = {isa = PBXFileReference; lastKnownFileType = sourcecode.swift; path = ViewController.swift; sourceTree = "<group>"; };
		82118C5E25A35F5100856D38 /* Base */ = {isa = PBXFileReference; lastKnownFileType = file.storyboard; name = Base; path = Base.lproj/Main.storyboard; sourceTree = "<group>"; };
		82118C6025A35F5400856D38 /* Assets.xcassets */ = {isa = PBXFileReference; lastKnownFileType = folder.assetcatalog; path = Assets.xcassets; sourceTree = "<group>"; };
		82118C6325A35F5400856D38 /* Base */ = {isa = PBXFileReference; lastKnownFileType = file.storyboard; name = Base; path = Base.lproj/LaunchScreen.storyboard; sourceTree = "<group>"; };
		82118C6525A35F5400856D38 /* Info.plist */ = {isa = PBXFileReference; lastKnownFileType = text.plist.xml; path = Info.plist; sourceTree = "<group>"; };
		82118C6A25A35F5500856D38 /* MapTests.xctest */ = {isa = PBXFileReference; explicitFileType = wrapper.cfbundle; includeInIndex = 0; path = MapTests.xctest; sourceTree = BUILT_PRODUCTS_DIR; };
		82118C6E25A35F5500856D38 /* MapTests.swift */ = {isa = PBXFileReference; lastKnownFileType = sourcecode.swift; path = MapTests.swift; sourceTree = "<group>"; };
		82118C7025A35F5500856D38 /* Info.plist */ = {isa = PBXFileReference; lastKnownFileType = text.plist.xml; path = Info.plist; sourceTree = "<group>"; };
		82118C7525A35F5500856D38 /* MapUITests.xctest */ = {isa = PBXFileReference; explicitFileType = wrapper.cfbundle; includeInIndex = 0; path = MapUITests.xctest; sourceTree = BUILT_PRODUCTS_DIR; };
		82118C7925A35F5500856D38 /* MapUITests.swift */ = {isa = PBXFileReference; lastKnownFileType = sourcecode.swift; path = MapUITests.swift; sourceTree = "<group>"; };
		82118C7B25A35F5500856D38 /* Info.plist */ = {isa = PBXFileReference; lastKnownFileType = text.plist.xml; path = Info.plist; sourceTree = "<group>"; };
/* End PBXFileReference section */

/* Begin PBXFrameworksBuildPhase section */
		82118C5125A35F5100856D38 /* Frameworks */ = {
			isa = PBXFrameworksBuildPhase;
			buildActionMask = 2147483647;
			files = (
			);
			runOnlyForDeploymentPostprocessing = 0;
		};
		82118C6725A35F5500856D38 /* Frameworks */ = {
			isa = PBXFrameworksBuildPhase;
			buildActionMask = 2147483647;
			files = (
			);
			runOnlyForDeploymentPostprocessing = 0;
		};
		82118C7225A35F5500856D38 /* Frameworks */ = {
			isa = PBXFrameworksBuildPhase;
			buildActionMask = 2147483647;
			files = (
			);
			runOnlyForDeploymentPostprocessing = 0;
		};
/* End PBXFrameworksBuildPhase section */

/* Begin PBXGroup section */
		82118C4B25A35F5100856D38 = {
			isa = PBXGroup;
			children = (
				82118C5625A35F5100856D38 /* Map */,
				82118C6D25A35F5500856D38 /* MapTests */,
				82118C7825A35F5500856D38 /* MapUITests */,
				82118C5525A35F5100856D38 /* Products */,
			);
			sourceTree = "<group>";
		};
		82118C5525A35F5100856D38 /* Products */ = {
			isa = PBXGroup;
			children = (
				82118C5425A35F5100856D38 /* Map.app */,
				82118C6A25A35F5500856D38 /* MapTests.xctest */,
				82118C7525A35F5500856D38 /* MapUITests.xctest */,
			);
			name = Products;
			sourceTree = "<group>";
		};
		82118C5625A35F5100856D38 /* Map */ = {
			isa = PBXGroup;
			children = (
				82118C5725A35F5100856D38 /* AppDelegate.swift */,
				82118C5925A35F5100856D38 /* SceneDelegate.swift */,
				82118C5B25A35F5100856D38 /* ViewController.swift */,
				82118C5D25A35F5100856D38 /* Main.storyboard */,
				82118C6025A35F5400856D38 /* Assets.xcassets */,
				82118C6225A35F5400856D38 /* LaunchScreen.storyboard */,
				82118C6525A35F5400856D38 /* Info.plist */,
			);
			path = Map;
			sourceTree = "<group>";
		};
		82118C6D25A35F5500856D38 /* MapTests */ = {
			isa = PBXGroup;
			children = (
				82118C6E25A35F5500856D38 /* MapTests.swift */,
				82118C7025A35F5500856D38 /* Info.plist */,
			);
			path = MapTests;
			sourceTree = "<group>";
		};
		82118C7825A35F5500856D38 /* MapUITests */ = {
			isa = PBXGroup;
			children = (
				82118C7925A35F5500856D38 /* MapUITests.swift */,
				82118C7B25A35F5500856D38 /* Info.plist */,
			);
			path = MapUITests;
			sourceTree = "<group>";
		};
/* End PBXGroup section */

/* Begin PBXNativeTarget section */
		82118C5325A35F5100856D38 /* Map */ = {
			isa = PBXNativeTarget;
			buildConfigurationList = 82118C7E25A35F5500856D38 /* Build configuration list for PBXNativeTarget "Map" */;
			buildPhases = (
				82118C5025A35F5100856D38 /* Sources */,
				82118C5125A35F5100856D38 /* Frameworks */,
				82118C5225A35F5100856D38 /* Resources */,
			);
			buildRules = (
			);
			dependencies = (
			);
			name = Map;
			productName = Map;
			productReference = 82118C5425A35F5100856D38 /* Map.app */;
			productType = "com.apple.product-type.application";
		};
		82118C6925A35F5500856D38 /* MapTests */ = {
			isa = PBXNativeTarget;
			buildConfigurationList = 82118C8125A35F5500856D38 /* Build configuration list for PBXNativeTarget "MapTests" */;
			buildPhases = (
				82118C6625A35F5500856D38 /* Sources */,
				82118C6725A35F5500856D38 /* Frameworks */,
				82118C6825A35F5500856D38 /* Resources */,
			);
			buildRules = (
			);
			dependencies = (
				82118C6C25A35F5500856D38 /* PBXTargetDependency */,
			);
			name = MapTests;
			productName = MapTests;
			productReference = 82118C6A25A35F5500856D38 /* MapTests.xctest */;
			productType = "com.apple.product-type.bundle.unit-test";
		};
		82118C7425A35F5500856D38 /* MapUITests */ = {
			isa = PBXNativeTarget;
			buildConfigurationList = 82118C8425A35F5500856D38 /* Build configuration list for PBXNativeTarget "MapUITests" */;
			buildPhases = (
				82118C7125A35F5500856D38 /* Sources */,
				82118C7225A35F5500856D38 /* Frameworks */,
				82118C7325A35F5500856D38 /* Resources */,
			);
			buildRules = (
			);
			dependencies = (
				82118C7725A35F5500856D38 /* PBXTargetDependency */,
			);
			name = MapUITests;
			productName = MapUITests;
			productReference = 82118C7525A35F5500856D38 /* MapUITests.xctest */;
			productType = "com.apple.product-type.bundle.ui-testing";
		};
/* End PBXNativeTarget section */

/* Begin PBXProject section */
		82118C4C25A35F5100856D38 /* Project object */ = {
			isa = PBXProject;
			attributes = {
				LastSwiftUpdateCheck = 1220;
				LastUpgradeCheck = 1220;
				TargetAttributes = {
					82118C5325A35F5100856D38 = {
						CreatedOnToolsVersion = 12.2;
					};
					82118C6925A35F5500856D38 = {
						CreatedOnToolsVersion = 12.2;
						TestTargetID = 82118C5325A35F5100856D38;
					};
					82118C7425A35F5500856D38 = {
						CreatedOnToolsVersion = 12.2;
						TestTargetID = 82118C5325A35F5100856D38;
					};
				};
			};
			buildConfigurationList = 82118C4F25A35F5100856D38 /* Build configuration list for PBXProject "Map" */;
			compatibilityVersion = "Xcode 9.3";
			developmentRegion = en;
			hasScannedForEncodings = 0;
			knownRegions = (
				en,
				Base,
			);
			mainGroup = 82118C4B25A35F5100856D38;
			productRefGroup = 82118C5525A35F5100856D38 /* Products */;
			projectDirPath = "";
			projectRoot = "";
			targets = (
				82118C5325A35F5100856D38 /* Map */,
				82118C6925A35F5500856D38 /* MapTests */,
				82118C7425A35F5500856D38 /* MapUITests */,
			);
		};
/* End PBXProject section */

/* Begin PBXResourcesBuildPhase section */
		82118C5225A35F5100856D38 /* Resources */ = {
			isa = PBXResourcesBuildPhase;
			buildActionMask = 2147483647;
			files = (
				82118C6425A35F5400856D38 /* LaunchScreen.storyboard in Resources */,
				82118C6125A35F5400856D38 /* Assets.xcassets in Resources */,
				82118C5F25A35F5100856D38 /* Main.storyboard in Resources */,
			);
			runOnlyForDeploymentPostprocessing = 0;
		};
		82118C6825A35F5500856D38 /* Resources */ = {
			isa = PBXResourcesBuildPhase;
			buildActionMask = 2147483647;
			files = (
			);
			runOnlyForDeploymentPostprocessing = 0;
		};
		82118C7325A35F5500856D38 /* Resources */ = {
			isa = PBXResourcesBuildPhase;
			buildActionMask = 2147483647;
			files = (
			);
			runOnlyForDeploymentPostprocessing = 0;
		};
/* End PBXResourcesBuildPhase section */

/* Begin PBXSourcesBuildPhase section */
		82118C5025A35F5100856D38 /* Sources */ = {
			isa = PBXSourcesBuildPhase;
			buildActionMask = 2147483647;
			files = (
				82118C5C25A35F5100856D38 /* ViewController.swift in Sources */,
				82118C5825A35F5100856D38 /* AppDelegate.swift in Sources */,
				82118C5A25A35F5100856D38 /* SceneDelegate.swift in Sources */,
			);
			runOnlyForDeploymentPostprocessing = 0;
		};
		82118C6625A35F5500856D38 /* Sources */ = {
			isa = PBXSourcesBuildPhase;
			buildActionMask = 2147483647;
			files = (
				82118C6F25A35F5500856D38 /* MapTests.swift in Sources */,
			);
			runOnlyForDeploymentPostprocessing = 0;
		};
		82118C7125A35F5500856D38 /* Sources */ = {
			isa = PBXSourcesBuildPhase;
			buildActionMask = 2147483647;
			files = (
				82118C7A25A35F5500856D38 /* MapUITests.swift in Sources */,
			);
			runOnlyForDeploymentPostprocessing = 0;
		};
/* End PBXSourcesBuildPhase section */

/* Begin PBXTargetDependency section */
		82118C6C25A35F5500856D38 /* PBXTargetDependency */ = {
			isa = PBXTargetDependency;
			target = 82118C5325A35F5100856D38 /* Map */;
			targetProxy = 82118C6B25A35F5500856D38 /* PBXContainerItemProxy */;
		};
		82118C7725A35F5500856D38 /* PBXTargetDependency */ = {
			isa = PBXTargetDependency;
			target = 82118C5325A35F5100856D38 /* Map */;
			targetProxy = 82118C7625A35F5500856D38 /* PBXContainerItemProxy */;
		};
/* End PBXTargetDependency section */

/* Begin PBXVariantGroup section */
		82118C5D25A35F5100856D38 /* Main.storyboard */ = {
			isa = PBXVariantGroup;
			children = (
				82118C5E25A35F5100856D38 /* Base */,
			);
			name = Main.storyboard;
			sourceTree = "<group>";
		};
		82118C6225A35F5400856D38 /* LaunchScreen.storyboard */ = {
			isa = PBXVariantGroup;
			children = (
				82118C6325A35F5400856D38 /* Base */,
			);
			name = LaunchScreen.storyboard;
			sourceTree = "<group>";
		};
/* End PBXVariantGroup section */

/* Begin XCBuildConfiguration section */
		82118C7C25A35F5500856D38 /* Debug */ = {
			isa = XCBuildConfiguration;
			buildSettings = {
				ALWAYS_SEARCH_USER_PATHS = NO;
				CLANG_ANALYZER_NONNULL = YES;
				CLANG_ANALYZER_NUMBER_OBJECT_CONVERSION = YES_AGGRESSIVE;
				CLANG_CXX_LANGUAGE_STANDARD = "gnu++14";
				CLANG_CXX_LIBRARY = "libc++";
				CLANG_ENABLE_MODULES = YES;
				CLANG_ENABLE_OBJC_ARC = YES;
				CLANG_ENABLE_OBJC_WEAK = YES;
				CLANG_WARN_BLOCK_CAPTURE_AUTORELEASING = YES;
				CLANG_WARN_BOOL_CONVERSION = YES;
				CLANG_WARN_COMMA = YES;
				CLANG_WARN_CONSTANT_CONVERSION = YES;
				CLANG_WARN_DEPRECATED_OBJC_IMPLEMENTATIONS = YES;
				CLANG_WARN_DIRECT_OBJC_ISA_USAGE = YES_ERROR;
				CLANG_WARN_DOCUMENTATION_COMMENTS = YES;
				CLANG_WARN_EMPTY_BODY = YES;
				CLANG_WARN_ENUM_CONVERSION = YES;
				CLANG_WARN_INFINITE_RECURSION = YES;
				CLANG_WARN_INT_CONVERSION = YES;
				CLANG_WARN_NON_LITERAL_NULL_CONVERSION = YES;
				CLANG_WARN_OBJC_IMPLICIT_RETAIN_SELF = YES;
				CLANG_WARN_OBJC_LITERAL_CONVERSION = YES;
				CLANG_WARN_OBJC_ROOT_CLASS = YES_ERROR;
				CLANG_WARN_QUOTED_INCLUDE_IN_FRAMEWORK_HEADER = YES;
				CLANG_WARN_RANGE_LOOP_ANALYSIS = YES;
				CLANG_WARN_STRICT_PROTOTYPES = YES;
				CLANG_WARN_SUSPICIOUS_MOVE = YES;
				CLANG_WARN_UNGUARDED_AVAILABILITY = YES_AGGRESSIVE;
				CLANG_WARN_UNREACHABLE_CODE = YES;
				CLANG_WARN__DUPLICATE_METHOD_MATCH = YES;
				COPY_PHASE_STRIP = NO;
				DEBUG_INFORMATION_FORMAT = dwarf;
				ENABLE_STRICT_OBJC_MSGSEND = YES;
				ENABLE_TESTABILITY = YES;
				GCC_C_LANGUAGE_STANDARD = gnu11;
				GCC_DYNAMIC_NO_PIC = NO;
				GCC_NO_COMMON_BLOCKS = YES;
				GCC_OPTIMIZATION_LEVEL = 0;
				GCC_PREPROCESSOR_DEFINITIONS = (
					"DEBUG=1",
					"$(inherited)",
				);
				GCC_WARN_64_TO_32_BIT_CONVERSION = YES;
				GCC_WARN_ABOUT_RETURN_TYPE = YES_ERROR;
				GCC_WARN_UNDECLARED_SELECTOR = YES;
				GCC_WARN_UNINITIALIZED_AUTOS = YES_AGGRESSIVE;
				GCC_WARN_UNUSED_FUNCTION = YES;
				GCC_WARN_UNUSED_VARIABLE = YES;
				IPHONEOS_DEPLOYMENT_TARGET = 14.2;
				MTL_ENABLE_DEBUG_INFO = INCLUDE_SOURCE;
				MTL_FAST_MATH = YES;
				ONLY_ACTIVE_ARCH = YES;
				SDKROOT = iphoneos;
				SWIFT_ACTIVE_COMPILATION_CONDITIONS = DEBUG;
				SWIFT_OPTIMIZATION_LEVEL = "-Onone";
			};
			name = Debug;
		};
		82118C7D25A35F5500856D38 /* Release */ = {
			isa = XCBuildConfiguration;
			buildSettings = {
				ALWAYS_SEARCH_USER_PATHS = NO;
				CLANG_ANALYZER_NONNULL = YES;
				CLANG_ANALYZER_NUMBER_OBJECT_CONVERSION = YES_AGGRESSIVE;
				CLANG_CXX_LANGUAGE_STANDARD = "gnu++14";
				CLANG_CXX_LIBRARY = "libc++";
				CLANG_ENABLE_MODULES = YES;
				CLANG_ENABLE_OBJC_ARC = YES;
				CLANG_ENABLE_OBJC_WEAK = YES;
				CLANG_WARN_BLOCK_CAPTURE_AUTORELEASING = YES;
				CLANG_WARN_BOOL_CONVERSION = YES;
				CLANG_WARN_COMMA = YES;
				CLANG_WARN_CONSTANT_CONVERSION = YES;
				CLANG_WARN_DEPRECATED_OBJC_IMPLEMENTATIONS = YES;
				CLANG_WARN_DIRECT_OBJC_ISA_USAGE = YES_ERROR;
				CLANG_WARN_DOCUMENTATION_COMMENTS = YES;
				CLANG_WARN_EMPTY_BODY = YES;
				CLANG_WARN_ENUM_CONVERSION = YES;
				CLANG_WARN_INFINITE_RECURSION = YES;
				CLANG_WARN_INT_CONVERSION = YES;
				CLANG_WARN_NON_LITERAL_NULL_CONVERSION = YES;
				CLANG_WARN_OBJC_IMPLICIT_RETAIN_SELF = YES;
				CLANG_WARN_OBJC_LITERAL_CONVERSION = YES;
				CLANG_WARN_OBJC_ROOT_CLASS = YES_ERROR;
				CLANG_WARN_QUOTED_INCLUDE_IN_FRAMEWORK_HEADER = YES;
				CLANG_WARN_RANGE_LOOP_ANALYSIS = YES;
				CLANG_WARN_STRICT_PROTOTYPES = YES;
				CLANG_WARN_SUSPICIOUS_MOVE = YES;
				CLANG_WARN_UNGUARDED_AVAILABILITY = YES_AGGRESSIVE;
				CLANG_WARN_UNREACHABLE_CODE = YES;
				CLANG_WARN__DUPLICATE_METHOD_MATCH = YES;
				COPY_PHASE_STRIP = NO;
				DEBUG_INFORMATION_FORMAT = "dwarf-with-dsym";
				ENABLE_NS_ASSERTIONS = NO;
				ENABLE_STRICT_OBJC_MSGSEND = YES;
				GCC_C_LANGUAGE_STANDARD = gnu11;
				GCC_NO_COMMON_BLOCKS = YES;
				GCC_WARN_64_TO_32_BIT_CONVERSION = YES;
				GCC_WARN_ABOUT_RETURN_TYPE = YES_ERROR;
				GCC_WARN_UNDECLARED_SELECTOR = YES;
				GCC_WARN_UNINITIALIZED_AUTOS = YES_AGGRESSIVE;
				GCC_WARN_UNUSED_FUNCTION = YES;
				GCC_WARN_UNUSED_VARIABLE = YES;
				IPHONEOS_DEPLOYMENT_TARGET = 14.2;
				MTL_ENABLE_DEBUG_INFO = NO;
				MTL_FAST_MATH = YES;
				SDKROOT = iphoneos;
				SWIFT_COMPILATION_MODE = wholemodule;
				SWIFT_OPTIMIZATION_LEVEL = "-O";
				VALIDATE_PRODUCT = YES;
			};
			name = Release;
		};
		82118C7F25A35F5500856D38 /* Debug */ = {
			isa = XCBuildConfiguration;
			buildSettings = {
				ASSETCATALOG_COMPILER_APPICON_NAME = AppIcon;
				ASSETCATALOG_COMPILER_GLOBAL_ACCENT_COLOR_NAME = AccentColor;
				CODE_SIGN_STYLE = Automatic;
				DEVELOPMENT_TEAM = 6V73VZX49U;
				INFOPLIST_FILE = Map/Info.plist;
				LD_RUNPATH_SEARCH_PATHS = (
					"$(inherited)",
					"@executable_path/Frameworks",
				);
				PRODUCT_BUNDLE_IDENTIFIER = com.jungwon.Map;
				PRODUCT_NAME = "$(TARGET_NAME)";
				SWIFT_VERSION = 5.0;
				TARGETED_DEVICE_FAMILY = 1;
			};
			name = Debug;
		};
		82118C8025A35F5500856D38 /* Release */ = {
			isa = XCBuildConfiguration;
			buildSettings = {
				ASSETCATALOG_COMPILER_APPICON_NAME = AppIcon;
				ASSETCATALOG_COMPILER_GLOBAL_ACCENT_COLOR_NAME = AccentColor;
				CODE_SIGN_STYLE = Automatic;
				DEVELOPMENT_TEAM = 6V73VZX49U;
				INFOPLIST_FILE = Map/Info.plist;
				LD_RUNPATH_SEARCH_PATHS = (
					"$(inherited)",
					"@executable_path/Frameworks",
				);
				PRODUCT_BUNDLE_IDENTIFIER = com.jungwon.Map;
				PRODUCT_NAME = "$(TARGET_NAME)";
				SWIFT_VERSION = 5.0;
				TARGETED_DEVICE_FAMILY = 1;
			};
			name = Release;
		};
		82118C8225A35F5500856D38 /* Debug */ = {
			isa = XCBuildConfiguration;
			buildSettings = {
				ALWAYS_EMBED_SWIFT_STANDARD_LIBRARIES = YES;
				BUNDLE_LOADER = "$(TEST_HOST)";
				CODE_SIGN_STYLE = Automatic;
				DEVELOPMENT_TEAM = 6V73VZX49U;
				INFOPLIST_FILE = MapTests/Info.plist;
				IPHONEOS_DEPLOYMENT_TARGET = 14.2;
				LD_RUNPATH_SEARCH_PATHS = (
					"$(inherited)",
					"@executable_path/Frameworks",
					"@loader_path/Frameworks",
				);
				PRODUCT_BUNDLE_IDENTIFIER = com.jungwon.MapTests;
				PRODUCT_NAME = "$(TARGET_NAME)";
				SWIFT_VERSION = 5.0;
				TARGETED_DEVICE_FAMILY = "1,2";
				TEST_HOST = "$(BUILT_PRODUCTS_DIR)/Map.app/Map";
			};
			name = Debug;
		};
		82118C8325A35F5500856D38 /* Release */ = {
			isa = XCBuildConfiguration;
			buildSettings = {
				ALWAYS_EMBED_SWIFT_STANDARD_LIBRARIES = YES;
				BUNDLE_LOADER = "$(TEST_HOST)";
				CODE_SIGN_STYLE = Automatic;
				DEVELOPMENT_TEAM = 6V73VZX49U;
				INFOPLIST_FILE = MapTests/Info.plist;
				IPHONEOS_DEPLOYMENT_TARGET = 14.2;
				LD_RUNPATH_SEARCH_PATHS = (
					"$(inherited)",
					"@executable_path/Frameworks",
					"@loader_path/Frameworks",
				);
				PRODUCT_BUNDLE_IDENTIFIER = com.jungwon.MapTests;
				PRODUCT_NAME = "$(TARGET_NAME)";
				SWIFT_VERSION = 5.0;
				TARGETED_DEVICE_FAMILY = "1,2";
				TEST_HOST = "$(BUILT_PRODUCTS_DIR)/Map.app/Map";
			};
			name = Release;
		};
		82118C8525A35F5500856D38 /* Debug */ = {
			isa = XCBuildConfiguration;
			buildSettings = {
				ALWAYS_EMBED_SWIFT_STANDARD_LIBRARIES = YES;
				CODE_SIGN_STYLE = Automatic;
				DEVELOPMENT_TEAM = 6V73VZX49U;
				INFOPLIST_FILE = MapUITests/Info.plist;
				LD_RUNPATH_SEARCH_PATHS = (
					"$(inherited)",
					"@executable_path/Frameworks",
					"@loader_path/Frameworks",
				);
				PRODUCT_BUNDLE_IDENTIFIER = com.jungwon.MapUITests;
				PRODUCT_NAME = "$(TARGET_NAME)";
				SWIFT_VERSION = 5.0;
				TARGETED_DEVICE_FAMILY = "1,2";
				TEST_TARGET_NAME = Map;
			};
			name = Debug;
		};
		82118C8625A35F5500856D38 /* Release */ = {
			isa = XCBuildConfiguration;
			buildSettings = {
				ALWAYS_EMBED_SWIFT_STANDARD_LIBRARIES = YES;
				CODE_SIGN_STYLE = Automatic;
				DEVELOPMENT_TEAM = 6V73VZX49U;
				INFOPLIST_FILE = MapUITests/Info.plist;
				LD_RUNPATH_SEARCH_PATHS = (
					"$(inherited)",
					"@executable_path/Frameworks",
					"@loader_path/Frameworks",
				);
				PRODUCT_BUNDLE_IDENTIFIER = com.jungwon.MapUITests;
				PRODUCT_NAME = "$(TARGET_NAME)";
				SWIFT_VERSION = 5.0;
				TARGETED_DEVICE_FAMILY = "1,2";
				TEST_TARGET_NAME = Map;
			};
			name = Release;
		};
/* End XCBuildConfiguration section */

/* Begin XCConfigurationList section */
		82118C4F25A35F5100856D38 /* Build configuration list for PBXProject "Map" */ = {
			isa = XCConfigurationList;
			buildConfigurations = (
				82118C7C25A35F5500856D38 /* Debug */,
				82118C7D25A35F5500856D38 /* Release */,
			);
			defaultConfigurationIsVisible = 0;
			defaultConfigurationName = Release;
		};
		82118C7E25A35F5500856D38 /* Build configuration list for PBXNativeTarget "Map" */ = {
			isa = XCConfigurationList;
			buildConfigurations = (
				82118C7F25A35F5500856D38 /* Debug */,
				82118C8025A35F5500856D38 /* Release */,
			);
			defaultConfigurationIsVisible = 0;
			defaultConfigurationName = Release;
		};
		82118C8125A35F5500856D38 /* Build configuration list for PBXNativeTarget "MapTests" */ = {
			isa = XCConfigurationList;
			buildConfigurations = (
				82118C8225A35F5500856D38 /* Debug */,
				82118C8325A35F5500856D38 /* Release */,
			);
			defaultConfigurationIsVisible = 0;
			defaultConfigurationName = Release;
		};
		82118C8425A35F5500856D38 /* Build configuration list for PBXNativeTarget "MapUITests" */ = {
			isa = XCConfigurationList;
			buildConfigurations = (
				82118C8525A35F5500856D38 /* Debug */,
				82118C8625A35F5500856D38 /* Release */,
			);
			defaultConfigurationIsVisible = 0;
			defaultConfigurationName = Release;
		};
/* End XCConfigurationList section */
	};
	rootObject = 82118C4C25A35F5100856D38 /* Project object */;
}
