// !$*UTF8*$!
{
	archiveVersion = 1;
	classes = {
	};
	objectVersion = 50;
	objects = {

/* Begin PBXBuildFile section */
		82118A4E259B813000856D38 /* AppDelegate.swift in Sources */ = {isa = PBXBuildFile; fileRef = 82118A4D259B813000856D38 /* AppDelegate.swift */; };
		82118A50259B813000856D38 /* SceneDelegate.swift in Sources */ = {isa = PBXBuildFile; fileRef = 82118A4F259B813000856D38 /* SceneDelegate.swift */; };
		82118A52259B813000856D38 /* ViewController.swift in Sources */ = {isa = PBXBuildFile; fileRef = 82118A51259B813000856D38 /* ViewController.swift */; };
		82118A55259B813000856D38 /* Main.storyboard in Resources */ = {isa = PBXBuildFile; fileRef = 82118A53259B813000856D38 /* Main.storyboard */; };
		82118A57259B813200856D38 /* Assets.xcassets in Resources */ = {isa = PBXBuildFile; fileRef = 82118A56259B813200856D38 /* Assets.xcassets */; };
		82118A5A259B813200856D38 /* LaunchScreen.storyboard in Resources */ = {isa = PBXBuildFile; fileRef = 82118A58259B813200856D38 /* LaunchScreen.storyboard */; };
		82118A65259B813300856D38 /* mission3Tests.swift in Sources */ = {isa = PBXBuildFile; fileRef = 82118A64259B813300856D38 /* mission3Tests.swift */; };
		82118A70259B813300856D38 /* mission3UITests.swift in Sources */ = {isa = PBXBuildFile; fileRef = 82118A6F259B813300856D38 /* mission3UITests.swift */; };
		82118A87259B815400856D38 /* 6.png in Resources */ = {isa = PBXBuildFile; fileRef = 82118A81259B815400856D38 /* 6.png */; };
		82118A88259B815400856D38 /* 5.png in Resources */ = {isa = PBXBuildFile; fileRef = 82118A82259B815400856D38 /* 5.png */; };
		82118A89259B815400856D38 /* 3.png in Resources */ = {isa = PBXBuildFile; fileRef = 82118A83259B815400856D38 /* 3.png */; };
		82118A8A259B815400856D38 /* 1.png in Resources */ = {isa = PBXBuildFile; fileRef = 82118A84259B815400856D38 /* 1.png */; };
		82118A8B259B815400856D38 /* 2.png in Resources */ = {isa = PBXBuildFile; fileRef = 82118A85259B815400856D38 /* 2.png */; };
		82118A8C259B815400856D38 /* 4.png in Resources */ = {isa = PBXBuildFile; fileRef = 82118A86259B815400856D38 /* 4.png */; };
/* End PBXBuildFile section */

/* Begin PBXContainerItemProxy section */
		82118A61259B813300856D38 /* PBXContainerItemProxy */ = {
			isa = PBXContainerItemProxy;
			containerPortal = 82118A42259B813000856D38 /* Project object */;
			proxyType = 1;
			remoteGlobalIDString = 82118A49259B813000856D38;
			remoteInfo = mission3;
		};
		82118A6C259B813300856D38 /* PBXContainerItemProxy */ = {
			isa = PBXContainerItemProxy;
			containerPortal = 82118A42259B813000856D38 /* Project object */;
			proxyType = 1;
			remoteGlobalIDString = 82118A49259B813000856D38;
			remoteInfo = mission3;
		};
/* End PBXContainerItemProxy section */

/* Begin PBXFileReference section */
		82118A4A259B813000856D38 /* mission3.app */ = {isa = PBXFileReference; explicitFileType = wrapper.application; includeInIndex = 0; path = mission3.app; sourceTree = BUILT_PRODUCTS_DIR; };
		82118A4D259B813000856D38 /* AppDelegate.swift */ = {isa = PBXFileReference; lastKnownFileType = sourcecode.swift; path = AppDelegate.swift; sourceTree = "<group>"; };
		82118A4F259B813000856D38 /* SceneDelegate.swift */ = {isa = PBXFileReference; lastKnownFileType = sourcecode.swift; path = SceneDelegate.swift; sourceTree = "<group>"; };
		82118A51259B813000856D38 /* ViewController.swift */ = {isa = PBXFileReference; lastKnownFileType = sourcecode.swift; path = ViewController.swift; sourceTree = "<group>"; };
		82118A54259B813000856D38 /* Base */ = {isa = PBXFileReference; lastKnownFileType = file.storyboard; name = Base; path = Base.lproj/Main.storyboard; sourceTree = "<group>"; };
		82118A56259B813200856D38 /* Assets.xcassets */ = {isa = PBXFileReference; lastKnownFileType = folder.assetcatalog; path = Assets.xcassets; sourceTree = "<group>"; };
		82118A59259B813200856D38 /* Base */ = {isa = PBXFileReference; lastKnownFileType = file.storyboard; name = Base; path = Base.lproj/LaunchScreen.storyboard; sourceTree = "<group>"; };
		82118A5B259B813200856D38 /* Info.plist */ = {isa = PBXFileReference; lastKnownFileType = text.plist.xml; path = Info.plist; sourceTree = "<group>"; };
		82118A60259B813300856D38 /* mission3Tests.xctest */ = {isa = PBXFileReference; explicitFileType = wrapper.cfbundle; includeInIndex = 0; path = mission3Tests.xctest; sourceTree = BUILT_PRODUCTS_DIR; };
		82118A64259B813300856D38 /* mission3Tests.swift */ = {isa = PBXFileReference; lastKnownFileType = sourcecode.swift; path = mission3Tests.swift; sourceTree = "<group>"; };
		82118A66259B813300856D38 /* Info.plist */ = {isa = PBXFileReference; lastKnownFileType = text.plist.xml; path = Info.plist; sourceTree = "<group>"; };
		82118A6B259B813300856D38 /* mission3UITests.xctest */ = {isa = PBXFileReference; explicitFileType = wrapper.cfbundle; includeInIndex = 0; path = mission3UITests.xctest; sourceTree = BUILT_PRODUCTS_DIR; };
		82118A6F259B813300856D38 /* mission3UITests.swift */ = {isa = PBXFileReference; lastKnownFileType = sourcecode.swift; path = mission3UITests.swift; sourceTree = "<group>"; };
		82118A71259B813300856D38 /* Info.plist */ = {isa = PBXFileReference; lastKnownFileType = text.plist.xml; path = Info.plist; sourceTree = "<group>"; };
		82118A81259B815400856D38 /* 6.png */ = {isa = PBXFileReference; lastKnownFileType = image.png; path = 6.png; sourceTree = "<group>"; };
		82118A82259B815400856D38 /* 5.png */ = {isa = PBXFileReference; lastKnownFileType = image.png; path = 5.png; sourceTree = "<group>"; };
		82118A83259B815400856D38 /* 3.png */ = {isa = PBXFileReference; lastKnownFileType = image.png; path = 3.png; sourceTree = "<group>"; };
		82118A84259B815400856D38 /* 1.png */ = {isa = PBXFileReference; lastKnownFileType = image.png; path = 1.png; sourceTree = "<group>"; };
		82118A85259B815400856D38 /* 2.png */ = {isa = PBXFileReference; lastKnownFileType = image.png; path = 2.png; sourceTree = "<group>"; };
		82118A86259B815400856D38 /* 4.png */ = {isa = PBXFileReference; lastKnownFileType = image.png; path = 4.png; sourceTree = "<group>"; };
/* End PBXFileReference section */

/* Begin PBXFrameworksBuildPhase section */
		82118A47259B813000856D38 /* Frameworks */ = {
			isa = PBXFrameworksBuildPhase;
			buildActionMask = 2147483647;
			files = (
			);
			runOnlyForDeploymentPostprocessing = 0;
		};
		82118A5D259B813300856D38 /* Frameworks */ = {
			isa = PBXFrameworksBuildPhase;
			buildActionMask = 2147483647;
			files = (
			);
			runOnlyForDeploymentPostprocessing = 0;
		};
		82118A68259B813300856D38 /* Frameworks */ = {
			isa = PBXFrameworksBuildPhase;
			buildActionMask = 2147483647;
			files = (
			);
			runOnlyForDeploymentPostprocessing = 0;
		};
/* End PBXFrameworksBuildPhase section */

/* Begin PBXGroup section */
		82118A41259B813000856D38 = {
			isa = PBXGroup;
			children = (
				82118A80259B814900856D38 /* images */,
				82118A4C259B813000856D38 /* mission3 */,
				82118A63259B813300856D38 /* mission3Tests */,
				82118A6E259B813300856D38 /* mission3UITests */,
				82118A4B259B813000856D38 /* Products */,
			);
			sourceTree = "<group>";
		};
		82118A4B259B813000856D38 /* Products */ = {
			isa = PBXGroup;
			children = (
				82118A4A259B813000856D38 /* mission3.app */,
				82118A60259B813300856D38 /* mission3Tests.xctest */,
				82118A6B259B813300856D38 /* mission3UITests.xctest */,
			);
			name = Products;
			sourceTree = "<group>";
		};
		82118A4C259B813000856D38 /* mission3 */ = {
			isa = PBXGroup;
			children = (
				82118A4D259B813000856D38 /* AppDelegate.swift */,
				82118A4F259B813000856D38 /* SceneDelegate.swift */,
				82118A51259B813000856D38 /* ViewController.swift */,
				82118A53259B813000856D38 /* Main.storyboard */,
				82118A56259B813200856D38 /* Assets.xcassets */,
				82118A58259B813200856D38 /* LaunchScreen.storyboard */,
				82118A5B259B813200856D38 /* Info.plist */,
			);
			path = mission3;
			sourceTree = "<group>";
		};
		82118A63259B813300856D38 /* mission3Tests */ = {
			isa = PBXGroup;
			children = (
				82118A64259B813300856D38 /* mission3Tests.swift */,
				82118A66259B813300856D38 /* Info.plist */,
			);
			path = mission3Tests;
			sourceTree = "<group>";
		};
		82118A6E259B813300856D38 /* mission3UITests */ = {
			isa = PBXGroup;
			children = (
				82118A6F259B813300856D38 /* mission3UITests.swift */,
				82118A71259B813300856D38 /* Info.plist */,
			);
			path = mission3UITests;
			sourceTree = "<group>";
		};
		82118A80259B814900856D38 /* images */ = {
			isa = PBXGroup;
			children = (
				82118A84259B815400856D38 /* 1.png */,
				82118A85259B815400856D38 /* 2.png */,
				82118A83259B815400856D38 /* 3.png */,
				82118A86259B815400856D38 /* 4.png */,
				82118A82259B815400856D38 /* 5.png */,
				82118A81259B815400856D38 /* 6.png */,
			);
			path = images;
			sourceTree = "<group>";
		};
/* End PBXGroup section */

/* Begin PBXNativeTarget section */
		82118A49259B813000856D38 /* mission3 */ = {
			isa = PBXNativeTarget;
			buildConfigurationList = 82118A74259B813300856D38 /* Build configuration list for PBXNativeTarget "mission3" */;
			buildPhases = (
				82118A46259B813000856D38 /* Sources */,
				82118A47259B813000856D38 /* Frameworks */,
				82118A48259B813000856D38 /* Resources */,
			);
			buildRules = (
			);
			dependencies = (
			);
			name = mission3;
			productName = mission3;
			productReference = 82118A4A259B813000856D38 /* mission3.app */;
			productType = "com.apple.product-type.application";
		};
		82118A5F259B813300856D38 /* mission3Tests */ = {
			isa = PBXNativeTarget;
			buildConfigurationList = 82118A77259B813300856D38 /* Build configuration list for PBXNativeTarget "mission3Tests" */;
			buildPhases = (
				82118A5C259B813300856D38 /* Sources */,
				82118A5D259B813300856D38 /* Frameworks */,
				82118A5E259B813300856D38 /* Resources */,
			);
			buildRules = (
			);
			dependencies = (
				82118A62259B813300856D38 /* PBXTargetDependency */,
			);
			name = mission3Tests;
			productName = mission3Tests;
			productReference = 82118A60259B813300856D38 /* mission3Tests.xctest */;
			productType = "com.apple.product-type.bundle.unit-test";
		};
		82118A6A259B813300856D38 /* mission3UITests */ = {
			isa = PBXNativeTarget;
			buildConfigurationList = 82118A7A259B813300856D38 /* Build configuration list for PBXNativeTarget "mission3UITests" */;
			buildPhases = (
				82118A67259B813300856D38 /* Sources */,
				82118A68259B813300856D38 /* Frameworks */,
				82118A69259B813300856D38 /* Resources */,
			);
			buildRules = (
			);
			dependencies = (
				82118A6D259B813300856D38 /* PBXTargetDependency */,
			);
			name = mission3UITests;
			productName = mission3UITests;
			productReference = 82118A6B259B813300856D38 /* mission3UITests.xctest */;
			productType = "com.apple.product-type.bundle.ui-testing";
		};
/* End PBXNativeTarget section */

/* Begin PBXProject section */
		82118A42259B813000856D38 /* Project object */ = {
			isa = PBXProject;
			attributes = {
				LastSwiftUpdateCheck = 1220;
				LastUpgradeCheck = 1220;
				TargetAttributes = {
					82118A49259B813000856D38 = {
						CreatedOnToolsVersion = 12.2;
					};
					82118A5F259B813300856D38 = {
						CreatedOnToolsVersion = 12.2;
						TestTargetID = 82118A49259B813000856D38;
					};
					82118A6A259B813300856D38 = {
						CreatedOnToolsVersion = 12.2;
						TestTargetID = 82118A49259B813000856D38;
					};
				};
			};
			buildConfigurationList = 82118A45259B813000856D38 /* Build configuration list for PBXProject "mission3" */;
			compatibilityVersion = "Xcode 9.3";
			developmentRegion = en;
			hasScannedForEncodings = 0;
			knownRegions = (
				en,
				Base,
			);
			mainGroup = 82118A41259B813000856D38;
			productRefGroup = 82118A4B259B813000856D38 /* Products */;
			projectDirPath = "";
			projectRoot = "";
			targets = (
				82118A49259B813000856D38 /* mission3 */,
				82118A5F259B813300856D38 /* mission3Tests */,
				82118A6A259B813300856D38 /* mission3UITests */,
			);
		};
/* End PBXProject section */

/* Begin PBXResourcesBuildPhase section */
		82118A48259B813000856D38 /* Resources */ = {
			isa = PBXResourcesBuildPhase;
			buildActionMask = 2147483647;
			files = (
				82118A8C259B815400856D38 /* 4.png in Resources */,
				82118A5A259B813200856D38 /* LaunchScreen.storyboard in Resources */,
				82118A88259B815400856D38 /* 5.png in Resources */,
				82118A8B259B815400856D38 /* 2.png in Resources */,
				82118A57259B813200856D38 /* Assets.xcassets in Resources */,
				82118A89259B815400856D38 /* 3.png in Resources */,
				82118A87259B815400856D38 /* 6.png in Resources */,
				82118A55259B813000856D38 /* Main.storyboard in Resources */,
				82118A8A259B815400856D38 /* 1.png in Resources */,
			);
			runOnlyForDeploymentPostprocessing = 0;
		};
		82118A5E259B813300856D38 /* Resources */ = {
			isa = PBXResourcesBuildPhase;
			buildActionMask = 2147483647;
			files = (
			);
			runOnlyForDeploymentPostprocessing = 0;
		};
		82118A69259B813300856D38 /* Resources */ = {
			isa = PBXResourcesBuildPhase;
			buildActionMask = 2147483647;
			files = (
			);
			runOnlyForDeploymentPostprocessing = 0;
		};
/* End PBXResourcesBuildPhase section */

/* Begin PBXSourcesBuildPhase section */
		82118A46259B813000856D38 /* Sources */ = {
			isa = PBXSourcesBuildPhase;
			buildActionMask = 2147483647;
			files = (
				82118A52259B813000856D38 /* ViewController.swift in Sources */,
				82118A4E259B813000856D38 /* AppDelegate.swift in Sources */,
				82118A50259B813000856D38 /* SceneDelegate.swift in Sources */,
			);
			runOnlyForDeploymentPostprocessing = 0;
		};
		82118A5C259B813300856D38 /* Sources */ = {
			isa = PBXSourcesBuildPhase;
			buildActionMask = 2147483647;
			files = (
				82118A65259B813300856D38 /* mission3Tests.swift in Sources */,
			);
			runOnlyForDeploymentPostprocessing = 0;
		};
		82118A67259B813300856D38 /* Sources */ = {
			isa = PBXSourcesBuildPhase;
			buildActionMask = 2147483647;
			files = (
				82118A70259B813300856D38 /* mission3UITests.swift in Sources */,
			);
			runOnlyForDeploymentPostprocessing = 0;
		};
/* End PBXSourcesBuildPhase section */

/* Begin PBXTargetDependency section */
		82118A62259B813300856D38 /* PBXTargetDependency */ = {
			isa = PBXTargetDependency;
			target = 82118A49259B813000856D38 /* mission3 */;
			targetProxy = 82118A61259B813300856D38 /* PBXContainerItemProxy */;
		};
		82118A6D259B813300856D38 /* PBXTargetDependency */ = {
			isa = PBXTargetDependency;
			target = 82118A49259B813000856D38 /* mission3 */;
			targetProxy = 82118A6C259B813300856D38 /* PBXContainerItemProxy */;
		};
/* End PBXTargetDependency section */

/* Begin PBXVariantGroup section */
		82118A53259B813000856D38 /* Main.storyboard */ = {
			isa = PBXVariantGroup;
			children = (
				82118A54259B813000856D38 /* Base */,
			);
			name = Main.storyboard;
			sourceTree = "<group>";
		};
		82118A58259B813200856D38 /* LaunchScreen.storyboard */ = {
			isa = PBXVariantGroup;
			children = (
				82118A59259B813200856D38 /* Base */,
			);
			name = LaunchScreen.storyboard;
			sourceTree = "<group>";
		};
/* End PBXVariantGroup section */

/* Begin XCBuildConfiguration section */
		82118A72259B813300856D38 /* Debug */ = {
			isa = XCBuildConfiguration;
			buildSettings = {
				ALWAYS_SEARCH_USER_PATHS = NO;
				CLANG_ANALYZER_NONNULL = YES;
				CLANG_ANALYZER_NUMBER_OBJECT_CONVERSION = YES_AGGRESSIVE;
				CLANG_CXX_LANGUAGE_STANDARD = "gnu++14";
				CLANG_CXX_LIBRARY = "libc++";
				CLANG_ENABLE_MODULES = YES;
				CLANG_ENABLE_OBJC_ARC = YES;
				CLANG_ENABLE_OBJC_WEAK = YES;
				CLANG_WARN_BLOCK_CAPTURE_AUTORELEASING = YES;
				CLANG_WARN_BOOL_CONVERSION = YES;
				CLANG_WARN_COMMA = YES;
				CLANG_WARN_CONSTANT_CONVERSION = YES;
				CLANG_WARN_DEPRECATED_OBJC_IMPLEMENTATIONS = YES;
				CLANG_WARN_DIRECT_OBJC_ISA_USAGE = YES_ERROR;
				CLANG_WARN_DOCUMENTATION_COMMENTS = YES;
				CLANG_WARN_EMPTY_BODY = YES;
				CLANG_WARN_ENUM_CONVERSION = YES;
				CLANG_WARN_INFINITE_RECURSION = YES;
				CLANG_WARN_INT_CONVERSION = YES;
				CLANG_WARN_NON_LITERAL_NULL_CONVERSION = YES;
				CLANG_WARN_OBJC_IMPLICIT_RETAIN_SELF = YES;
				CLANG_WARN_OBJC_LITERAL_CONVERSION = YES;
				CLANG_WARN_OBJC_ROOT_CLASS = YES_ERROR;
				CLANG_WARN_QUOTED_INCLUDE_IN_FRAMEWORK_HEADER = YES;
				CLANG_WARN_RANGE_LOOP_ANALYSIS = YES;
				CLANG_WARN_STRICT_PROTOTYPES = YES;
				CLANG_WARN_SUSPICIOUS_MOVE = YES;
				CLANG_WARN_UNGUARDED_AVAILABILITY = YES_AGGRESSIVE;
				CLANG_WARN_UNREACHABLE_CODE = YES;
				CLANG_WARN__DUPLICATE_METHOD_MATCH = YES;
				COPY_PHASE_STRIP = NO;
				DEBUG_INFORMATION_FORMAT = dwarf;
				ENABLE_STRICT_OBJC_MSGSEND = YES;
				ENABLE_TESTABILITY = YES;
				GCC_C_LANGUAGE_STANDARD = gnu11;
				GCC_DYNAMIC_NO_PIC = NO;
				GCC_NO_COMMON_BLOCKS = YES;
				GCC_OPTIMIZATION_LEVEL = 0;
				GCC_PREPROCESSOR_DEFINITIONS = (
					"DEBUG=1",
					"$(inherited)",
				);
				GCC_WARN_64_TO_32_BIT_CONVERSION = YES;
				GCC_WARN_ABOUT_RETURN_TYPE = YES_ERROR;
				GCC_WARN_UNDECLARED_SELECTOR = YES;
				GCC_WARN_UNINITIALIZED_AUTOS = YES_AGGRESSIVE;
				GCC_WARN_UNUSED_FUNCTION = YES;
				GCC_WARN_UNUSED_VARIABLE = YES;
				IPHONEOS_DEPLOYMENT_TARGET = 14.2;
				MTL_ENABLE_DEBUG_INFO = INCLUDE_SOURCE;
				MTL_FAST_MATH = YES;
				ONLY_ACTIVE_ARCH = YES;
				SDKROOT = iphoneos;
				SWIFT_ACTIVE_COMPILATION_CONDITIONS = DEBUG;
				SWIFT_OPTIMIZATION_LEVEL = "-Onone";
			};
			name = Debug;
		};
		82118A73259B813300856D38 /* Release */ = {
			isa = XCBuildConfiguration;
			buildSettings = {
				ALWAYS_SEARCH_USER_PATHS = NO;
				CLANG_ANALYZER_NONNULL = YES;
				CLANG_ANALYZER_NUMBER_OBJECT_CONVERSION = YES_AGGRESSIVE;
				CLANG_CXX_LANGUAGE_STANDARD = "gnu++14";
				CLANG_CXX_LIBRARY = "libc++";
				CLANG_ENABLE_MODULES = YES;
				CLANG_ENABLE_OBJC_ARC = YES;
				CLANG_ENABLE_OBJC_WEAK = YES;
				CLANG_WARN_BLOCK_CAPTURE_AUTORELEASING = YES;
				CLANG_WARN_BOOL_CONVERSION = YES;
				CLANG_WARN_COMMA = YES;
				CLANG_WARN_CONSTANT_CONVERSION = YES;
				CLANG_WARN_DEPRECATED_OBJC_IMPLEMENTATIONS = YES;
				CLANG_WARN_DIRECT_OBJC_ISA_USAGE = YES_ERROR;
				CLANG_WARN_DOCUMENTATION_COMMENTS = YES;
				CLANG_WARN_EMPTY_BODY = YES;
				CLANG_WARN_ENUM_CONVERSION = YES;
				CLANG_WARN_INFINITE_RECURSION = YES;
				CLANG_WARN_INT_CONVERSION = YES;
				CLANG_WARN_NON_LITERAL_NULL_CONVERSION = YES;
				CLANG_WARN_OBJC_IMPLICIT_RETAIN_SELF = YES;
				CLANG_WARN_OBJC_LITERAL_CONVERSION = YES;
				CLANG_WARN_OBJC_ROOT_CLASS = YES_ERROR;
				CLANG_WARN_QUOTED_INCLUDE_IN_FRAMEWORK_HEADER = YES;
				CLANG_WARN_RANGE_LOOP_ANALYSIS = YES;
				CLANG_WARN_STRICT_PROTOTYPES = YES;
				CLANG_WARN_SUSPICIOUS_MOVE = YES;
				CLANG_WARN_UNGUARDED_AVAILABILITY = YES_AGGRESSIVE;
				CLANG_WARN_UNREACHABLE_CODE = YES;
				CLANG_WARN__DUPLICATE_METHOD_MATCH = YES;
				COPY_PHASE_STRIP = NO;
				DEBUG_INFORMATION_FORMAT = "dwarf-with-dsym";
				ENABLE_NS_ASSERTIONS = NO;
				ENABLE_STRICT_OBJC_MSGSEND = YES;
				GCC_C_LANGUAGE_STANDARD = gnu11;
				GCC_NO_COMMON_BLOCKS = YES;
				GCC_WARN_64_TO_32_BIT_CONVERSION = YES;
				GCC_WARN_ABOUT_RETURN_TYPE = YES_ERROR;
				GCC_WARN_UNDECLARED_SELECTOR = YES;
				GCC_WARN_UNINITIALIZED_AUTOS = YES_AGGRESSIVE;
				GCC_WARN_UNUSED_FUNCTION = YES;
				GCC_WARN_UNUSED_VARIABLE = YES;
				IPHONEOS_DEPLOYMENT_TARGET = 14.2;
				MTL_ENABLE_DEBUG_INFO = NO;
				MTL_FAST_MATH = YES;
				SDKROOT = iphoneos;
				SWIFT_COMPILATION_MODE = wholemodule;
				SWIFT_OPTIMIZATION_LEVEL = "-O";
				VALIDATE_PRODUCT = YES;
			};
			name = Release;
		};
		82118A75259B813300856D38 /* Debug */ = {
			isa = XCBuildConfiguration;
			buildSettings = {
				ASSETCATALOG_COMPILER_APPICON_NAME = AppIcon;
				ASSETCATALOG_COMPILER_GLOBAL_ACCENT_COLOR_NAME = AccentColor;
				CODE_SIGN_STYLE = Automatic;
				DEVELOPMENT_TEAM = 6V73VZX49U;
				INFOPLIST_FILE = mission3/Info.plist;
				LD_RUNPATH_SEARCH_PATHS = (
					"$(inherited)",
					"@executable_path/Frameworks",
				);
				PRODUCT_BUNDLE_IDENTIFIER = com.jungwon.mission3;
				PRODUCT_NAME = "$(TARGET_NAME)";
				SWIFT_VERSION = 5.0;
				TARGETED_DEVICE_FAMILY = "1,2";
			};
			name = Debug;
		};
		82118A76259B813300856D38 /* Release */ = {
			isa = XCBuildConfiguration;
			buildSettings = {
				ASSETCATALOG_COMPILER_APPICON_NAME = AppIcon;
				ASSETCATALOG_COMPILER_GLOBAL_ACCENT_COLOR_NAME = AccentColor;
				CODE_SIGN_STYLE = Automatic;
				DEVELOPMENT_TEAM = 6V73VZX49U;
				INFOPLIST_FILE = mission3/Info.plist;
				LD_RUNPATH_SEARCH_PATHS = (
					"$(inherited)",
					"@executable_path/Frameworks",
				);
				PRODUCT_BUNDLE_IDENTIFIER = com.jungwon.mission3;
				PRODUCT_NAME = "$(TARGET_NAME)";
				SWIFT_VERSION = 5.0;
				TARGETED_DEVICE_FAMILY = "1,2";
			};
			name = Release;
		};
		82118A78259B813300856D38 /* Debug */ = {
			isa = XCBuildConfiguration;
			buildSettings = {
				ALWAYS_EMBED_SWIFT_STANDARD_LIBRARIES = YES;
				BUNDLE_LOADER = "$(TEST_HOST)";
				CODE_SIGN_STYLE = Automatic;
				DEVELOPMENT_TEAM = 6V73VZX49U;
				INFOPLIST_FILE = mission3Tests/Info.plist;
				IPHONEOS_DEPLOYMENT_TARGET = 14.2;
				LD_RUNPATH_SEARCH_PATHS = (
					"$(inherited)",
					"@executable_path/Frameworks",
					"@loader_path/Frameworks",
				);
				PRODUCT_BUNDLE_IDENTIFIER = com.jungwon.mission3Tests;
				PRODUCT_NAME = "$(TARGET_NAME)";
				SWIFT_VERSION = 5.0;
				TARGETED_DEVICE_FAMILY = "1,2";
				TEST_HOST = "$(BUILT_PRODUCTS_DIR)/mission3.app/mission3";
			};
			name = Debug;
		};
		82118A79259B813300856D38 /* Release */ = {
			isa = XCBuildConfiguration;
			buildSettings = {
				ALWAYS_EMBED_SWIFT_STANDARD_LIBRARIES = YES;
				BUNDLE_LOADER = "$(TEST_HOST)";
				CODE_SIGN_STYLE = Automatic;
				DEVELOPMENT_TEAM = 6V73VZX49U;
				INFOPLIST_FILE = mission3Tests/Info.plist;
				IPHONEOS_DEPLOYMENT_TARGET = 14.2;
				LD_RUNPATH_SEARCH_PATHS = (
					"$(inherited)",
					"@executable_path/Frameworks",
					"@loader_path/Frameworks",
				);
				PRODUCT_BUNDLE_IDENTIFIER = com.jungwon.mission3Tests;
				PRODUCT_NAME = "$(TARGET_NAME)";
				SWIFT_VERSION = 5.0;
				TARGETED_DEVICE_FAMILY = "1,2";
				TEST_HOST = "$(BUILT_PRODUCTS_DIR)/mission3.app/mission3";
			};
			name = Release;
		};
		82118A7B259B813300856D38 /* Debug */ = {
			isa = XCBuildConfiguration;
			buildSettings = {
				ALWAYS_EMBED_SWIFT_STANDARD_LIBRARIES = YES;
				CODE_SIGN_STYLE = Automatic;
				DEVELOPMENT_TEAM = 6V73VZX49U;
				INFOPLIST_FILE = mission3UITests/Info.plist;
				LD_RUNPATH_SEARCH_PATHS = (
					"$(inherited)",
					"@executable_path/Frameworks",
					"@loader_path/Frameworks",
				);
				PRODUCT_BUNDLE_IDENTIFIER = com.jungwon.mission3UITests;
				PRODUCT_NAME = "$(TARGET_NAME)";
				SWIFT_VERSION = 5.0;
				TARGETED_DEVICE_FAMILY = "1,2";
				TEST_TARGET_NAME = mission3;
			};
			name = Debug;
		};
		82118A7C259B813300856D38 /* Release */ = {
			isa = XCBuildConfiguration;
			buildSettings = {
				ALWAYS_EMBED_SWIFT_STANDARD_LIBRARIES = YES;
				CODE_SIGN_STYLE = Automatic;
				DEVELOPMENT_TEAM = 6V73VZX49U;
				INFOPLIST_FILE = mission3UITests/Info.plist;
				LD_RUNPATH_SEARCH_PATHS = (
					"$(inherited)",
					"@executable_path/Frameworks",
					"@loader_path/Frameworks",
				);
				PRODUCT_BUNDLE_IDENTIFIER = com.jungwon.mission3UITests;
				PRODUCT_NAME = "$(TARGET_NAME)";
				SWIFT_VERSION = 5.0;
				TARGETED_DEVICE_FAMILY = "1,2";
				TEST_TARGET_NAME = mission3;
			};
			name = Release;
		};
/* End XCBuildConfiguration section */

/* Begin XCConfigurationList section */
		82118A45259B813000856D38 /* Build configuration list for PBXProject "mission3" */ = {
			isa = XCConfigurationList;
			buildConfigurations = (
				82118A72259B813300856D38 /* Debug */,
				82118A73259B813300856D38 /* Release */,
			);
			defaultConfigurationIsVisible = 0;
			defaultConfigurationName = Release;
		};
		82118A74259B813300856D38 /* Build configuration list for PBXNativeTarget "mission3" */ = {
			isa = XCConfigurationList;
			buildConfigurations = (
				82118A75259B813300856D38 /* Debug */,
				82118A76259B813300856D38 /* Release */,
			);
			defaultConfigurationIsVisible = 0;
			defaultConfigurationName = Release;
		};
		82118A77259B813300856D38 /* Build configuration list for PBXNativeTarget "mission3Tests" */ = {
			isa = XCConfigurationList;
			buildConfigurations = (
				82118A78259B813300856D38 /* Debug */,
				82118A79259B813300856D38 /* Release */,
			);
			defaultConfigurationIsVisible = 0;
			defaultConfigurationName = Release;
		};
		82118A7A259B813300856D38 /* Build configuration list for PBXNativeTarget "mission3UITests" */ = {
			isa = XCConfigurationList;
			buildConfigurations = (
				82118A7B259B813300856D38 /* Debug */,
				82118A7C259B813300856D38 /* Release */,
			);
			defaultConfigurationIsVisible = 0;
			defaultConfigurationName = Release;
		};
/* End XCConfigurationList section */
	};
	rootObject = 82118A42259B813000856D38 /* Project object */;
}
