// !$*UTF8*$!
{
	archiveVersion = 1;
	classes = {
	};
	objectVersion = 50;
	objects = {

/* Begin PBXBuildFile section */
		82F17FDC259A13350060B4C1 /* AppDelegate.swift in Sources */ = {isa = PBXBuildFile; fileRef = 82F17FDB259A13350060B4C1 /* AppDelegate.swift */; };
		82F17FDE259A13350060B4C1 /* SceneDelegate.swift in Sources */ = {isa = PBXBuildFile; fileRef = 82F17FDD259A13350060B4C1 /* SceneDelegate.swift */; };
		82F17FE0259A13350060B4C1 /* ViewController.swift in Sources */ = {isa = PBXBuildFile; fileRef = 82F17FDF259A13350060B4C1 /* ViewController.swift */; };
		82F17FE3259A13350060B4C1 /* Main.storyboard in Resources */ = {isa = PBXBuildFile; fileRef = 82F17FE1259A13350060B4C1 /* Main.storyboard */; };
		82F17FE5259A13370060B4C1 /* Assets.xcassets in Resources */ = {isa = PBXBuildFile; fileRef = 82F17FE4259A13370060B4C1 /* Assets.xcassets */; };
		82F17FE8259A13370060B4C1 /* LaunchScreen.storyboard in Resources */ = {isa = PBXBuildFile; fileRef = 82F17FE6259A13370060B4C1 /* LaunchScreen.storyboard */; };
		82F17FF3259A13380060B4C1 /* ImageViewTests.swift in Sources */ = {isa = PBXBuildFile; fileRef = 82F17FF2259A13380060B4C1 /* ImageViewTests.swift */; };
		82F17FFE259A13380060B4C1 /* ImageViewUITests.swift in Sources */ = {isa = PBXBuildFile; fileRef = 82F17FFD259A13380060B4C1 /* ImageViewUITests.swift */; };
		82F18013259A29F40060B4C1 /* lamp_on.png in Resources */ = {isa = PBXBuildFile; fileRef = 82F18011259A29F40060B4C1 /* lamp_on.png */; };
		82F18014259A29F40060B4C1 /* lamp_off.png in Resources */ = {isa = PBXBuildFile; fileRef = 82F18012259A29F40060B4C1 /* lamp_off.png */; };
/* End PBXBuildFile section */

/* Begin PBXContainerItemProxy section */
		82F17FEF259A13380060B4C1 /* PBXContainerItemProxy */ = {
			isa = PBXContainerItemProxy;
			containerPortal = 82F17FD0259A13350060B4C1 /* Project object */;
			proxyType = 1;
			remoteGlobalIDString = 82F17FD7259A13350060B4C1;
			remoteInfo = ImageView;
		};
		82F17FFA259A13380060B4C1 /* PBXContainerItemProxy */ = {
			isa = PBXContainerItemProxy;
			containerPortal = 82F17FD0259A13350060B4C1 /* Project object */;
			proxyType = 1;
			remoteGlobalIDString = 82F17FD7259A13350060B4C1;
			remoteInfo = ImageView;
		};
/* End PBXContainerItemProxy section */

/* Begin PBXFileReference section */
		82F17FD8259A13350060B4C1 /* ImageView.app */ = {isa = PBXFileReference; explicitFileType = wrapper.application; includeInIndex = 0; path = ImageView.app; sourceTree = BUILT_PRODUCTS_DIR; };
		82F17FDB259A13350060B4C1 /* AppDelegate.swift */ = {isa = PBXFileReference; lastKnownFileType = sourcecode.swift; path = AppDelegate.swift; sourceTree = "<group>"; };
		82F17FDD259A13350060B4C1 /* SceneDelegate.swift */ = {isa = PBXFileReference; lastKnownFileType = sourcecode.swift; path = SceneDelegate.swift; sourceTree = "<group>"; };
		82F17FDF259A13350060B4C1 /* ViewController.swift */ = {isa = PBXFileReference; lastKnownFileType = sourcecode.swift; path = ViewController.swift; sourceTree = "<group>"; };
		82F17FE2259A13350060B4C1 /* Base */ = {isa = PBXFileReference; lastKnownFileType = file.storyboard; name = Base; path = Base.lproj/Main.storyboard; sourceTree = "<group>"; };
		82F17FE4259A13370060B4C1 /* Assets.xcassets */ = {isa = PBXFileReference; lastKnownFileType = folder.assetcatalog; path = Assets.xcassets; sourceTree = "<group>"; };
		82F17FE7259A13370060B4C1 /* Base */ = {isa = PBXFileReference; lastKnownFileType = file.storyboard; name = Base; path = Base.lproj/LaunchScreen.storyboard; sourceTree = "<group>"; };
		82F17FE9259A13370060B4C1 /* Info.plist */ = {isa = PBXFileReference; lastKnownFileType = text.plist.xml; path = Info.plist; sourceTree = "<group>"; };
		82F17FEE259A13380060B4C1 /* ImageViewTests.xctest */ = {isa = PBXFileReference; explicitFileType = wrapper.cfbundle; includeInIndex = 0; path = ImageViewTests.xctest; sourceTree = BUILT_PRODUCTS_DIR; };
		82F17FF2259A13380060B4C1 /* ImageViewTests.swift */ = {isa = PBXFileReference; lastKnownFileType = sourcecode.swift; path = ImageViewTests.swift; sourceTree = "<group>"; };
		82F17FF4259A13380060B4C1 /* Info.plist */ = {isa = PBXFileReference; lastKnownFileType = text.plist.xml; path = Info.plist; sourceTree = "<group>"; };
		82F17FF9259A13380060B4C1 /* ImageViewUITests.xctest */ = {isa = PBXFileReference; explicitFileType = wrapper.cfbundle; includeInIndex = 0; path = ImageViewUITests.xctest; sourceTree = BUILT_PRODUCTS_DIR; };
		82F17FFD259A13380060B4C1 /* ImageViewUITests.swift */ = {isa = PBXFileReference; lastKnownFileType = sourcecode.swift; path = ImageViewUITests.swift; sourceTree = "<group>"; };
		82F17FFF259A13380060B4C1 /* Info.plist */ = {isa = PBXFileReference; lastKnownFileType = text.plist.xml; path = Info.plist; sourceTree = "<group>"; };
		82F18011259A29F40060B4C1 /* lamp_on.png */ = {isa = PBXFileReference; lastKnownFileType = image.png; path = lamp_on.png; sourceTree = "<group>"; };
		82F18012259A29F40060B4C1 /* lamp_off.png */ = {isa = PBXFileReference; lastKnownFileType = image.png; path = lamp_off.png; sourceTree = "<group>"; };
/* End PBXFileReference section */

/* Begin PBXFrameworksBuildPhase section */
		82F17FD5259A13350060B4C1 /* Frameworks */ = {
			isa = PBXFrameworksBuildPhase;
			buildActionMask = 2147483647;
			files = (
			);
			runOnlyForDeploymentPostprocessing = 0;
		};
		82F17FEB259A13380060B4C1 /* Frameworks */ = {
			isa = PBXFrameworksBuildPhase;
			buildActionMask = 2147483647;
			files = (
			);
			runOnlyForDeploymentPostprocessing = 0;
		};
		82F17FF6259A13380060B4C1 /* Frameworks */ = {
			isa = PBXFrameworksBuildPhase;
			buildActionMask = 2147483647;
			files = (
			);
			runOnlyForDeploymentPostprocessing = 0;
		};
/* End PBXFrameworksBuildPhase section */

/* Begin PBXGroup section */
		82F17FCF259A13350060B4C1 = {
			isa = PBXGroup;
			children = (
				82F17FDA259A13350060B4C1 /* ImageView */,
				82F17FF1259A13380060B4C1 /* ImageViewTests */,
				82F17FFC259A13380060B4C1 /* ImageViewUITests */,
				82F17FD9259A13350060B4C1 /* Products */,
			);
			sourceTree = "<group>";
		};
		82F17FD9259A13350060B4C1 /* Products */ = {
			isa = PBXGroup;
			children = (
				82F17FD8259A13350060B4C1 /* ImageView.app */,
				82F17FEE259A13380060B4C1 /* ImageViewTests.xctest */,
				82F17FF9259A13380060B4C1 /* ImageViewUITests.xctest */,
			);
			name = Products;
			sourceTree = "<group>";
		};
		82F17FDA259A13350060B4C1 /* ImageView */ = {
			isa = PBXGroup;
			children = (
				82F18012259A29F40060B4C1 /* lamp_off.png */,
				82F18011259A29F40060B4C1 /* lamp_on.png */,
				82F17FDB259A13350060B4C1 /* AppDelegate.swift */,
				82F17FDD259A13350060B4C1 /* SceneDelegate.swift */,
				82F17FDF259A13350060B4C1 /* ViewController.swift */,
				82F17FE1259A13350060B4C1 /* Main.storyboard */,
				82F17FE4259A13370060B4C1 /* Assets.xcassets */,
				82F17FE6259A13370060B4C1 /* LaunchScreen.storyboard */,
				82F17FE9259A13370060B4C1 /* Info.plist */,
			);
			path = ImageView;
			sourceTree = "<group>";
		};
		82F17FF1259A13380060B4C1 /* ImageViewTests */ = {
			isa = PBXGroup;
			children = (
				82F17FF2259A13380060B4C1 /* ImageViewTests.swift */,
				82F17FF4259A13380060B4C1 /* Info.plist */,
			);
			path = ImageViewTests;
			sourceTree = "<group>";
		};
		82F17FFC259A13380060B4C1 /* ImageViewUITests */ = {
			isa = PBXGroup;
			children = (
				82F17FFD259A13380060B4C1 /* ImageViewUITests.swift */,
				82F17FFF259A13380060B4C1 /* Info.plist */,
			);
			path = ImageViewUITests;
			sourceTree = "<group>";
		};
/* End PBXGroup section */

/* Begin PBXNativeTarget section */
		82F17FD7259A13350060B4C1 /* ImageView */ = {
			isa = PBXNativeTarget;
			buildConfigurationList = 82F18002259A13380060B4C1 /* Build configuration list for PBXNativeTarget "ImageView" */;
			buildPhases = (
				82F17FD4259A13350060B4C1 /* Sources */,
				82F17FD5259A13350060B4C1 /* Frameworks */,
				82F17FD6259A13350060B4C1 /* Resources */,
			);
			buildRules = (
			);
			dependencies = (
			);
			name = ImageView;
			productName = ImageView;
			productReference = 82F17FD8259A13350060B4C1 /* ImageView.app */;
			productType = "com.apple.product-type.application";
		};
		82F17FED259A13380060B4C1 /* ImageViewTests */ = {
			isa = PBXNativeTarget;
			buildConfigurationList = 82F18005259A13380060B4C1 /* Build configuration list for PBXNativeTarget "ImageViewTests" */;
			buildPhases = (
				82F17FEA259A13380060B4C1 /* Sources */,
				82F17FEB259A13380060B4C1 /* Frameworks */,
				82F17FEC259A13380060B4C1 /* Resources */,
			);
			buildRules = (
			);
			dependencies = (
				82F17FF0259A13380060B4C1 /* PBXTargetDependency */,
			);
			name = ImageViewTests;
			productName = ImageViewTests;
			productReference = 82F17FEE259A13380060B4C1 /* ImageViewTests.xctest */;
			productType = "com.apple.product-type.bundle.unit-test";
		};
		82F17FF8259A13380060B4C1 /* ImageViewUITests */ = {
			isa = PBXNativeTarget;
			buildConfigurationList = 82F18008259A13380060B4C1 /* Build configuration list for PBXNativeTarget "ImageViewUITests" */;
			buildPhases = (
				82F17FF5259A13380060B4C1 /* Sources */,
				82F17FF6259A13380060B4C1 /* Frameworks */,
				82F17FF7259A13380060B4C1 /* Resources */,
			);
			buildRules = (
			);
			dependencies = (
				82F17FFB259A13380060B4C1 /* PBXTargetDependency */,
			);
			name = ImageViewUITests;
			productName = ImageViewUITests;
			productReference = 82F17FF9259A13380060B4C1 /* ImageViewUITests.xctest */;
			productType = "com.apple.product-type.bundle.ui-testing";
		};
/* End PBXNativeTarget section */

/* Begin PBXProject section */
		82F17FD0259A13350060B4C1 /* Project object */ = {
			isa = PBXProject;
			attributes = {
				LastSwiftUpdateCheck = 1220;
				LastUpgradeCheck = 1220;
				TargetAttributes = {
					82F17FD7259A13350060B4C1 = {
						CreatedOnToolsVersion = 12.2;
					};
					82F17FED259A13380060B4C1 = {
						CreatedOnToolsVersion = 12.2;
						TestTargetID = 82F17FD7259A13350060B4C1;
					};
					82F17FF8259A13380060B4C1 = {
						CreatedOnToolsVersion = 12.2;
						TestTargetID = 82F17FD7259A13350060B4C1;
					};
				};
			};
			buildConfigurationList = 82F17FD3259A13350060B4C1 /* Build configuration list for PBXProject "ImageView" */;
			compatibilityVersion = "Xcode 9.3";
			developmentRegion = en;
			hasScannedForEncodings = 0;
			knownRegions = (
				en,
				Base,
			);
			mainGroup = 82F17FCF259A13350060B4C1;
			productRefGroup = 82F17FD9259A13350060B4C1 /* Products */;
			projectDirPath = "";
			projectRoot = "";
			targets = (
				82F17FD7259A13350060B4C1 /* ImageView */,
				82F17FED259A13380060B4C1 /* ImageViewTests */,
				82F17FF8259A13380060B4C1 /* ImageViewUITests */,
			);
		};
/* End PBXProject section */

/* Begin PBXResourcesBuildPhase section */
		82F17FD6259A13350060B4C1 /* Resources */ = {
			isa = PBXResourcesBuildPhase;
			buildActionMask = 2147483647;
			files = (
				82F18013259A29F40060B4C1 /* lamp_on.png in Resources */,
				82F17FE8259A13370060B4C1 /* LaunchScreen.storyboard in Resources */,
				82F18014259A29F40060B4C1 /* lamp_off.png in Resources */,
				82F17FE5259A13370060B4C1 /* Assets.xcassets in Resources */,
				82F17FE3259A13350060B4C1 /* Main.storyboard in Resources */,
			);
			runOnlyForDeploymentPostprocessing = 0;
		};
		82F17FEC259A13380060B4C1 /* Resources */ = {
			isa = PBXResourcesBuildPhase;
			buildActionMask = 2147483647;
			files = (
			);
			runOnlyForDeploymentPostprocessing = 0;
		};
		82F17FF7259A13380060B4C1 /* Resources */ = {
			isa = PBXResourcesBuildPhase;
			buildActionMask = 2147483647;
			files = (
			);
			runOnlyForDeploymentPostprocessing = 0;
		};
/* End PBXResourcesBuildPhase section */

/* Begin PBXSourcesBuildPhase section */
		82F17FD4259A13350060B4C1 /* Sources */ = {
			isa = PBXSourcesBuildPhase;
			buildActionMask = 2147483647;
			files = (
				82F17FE0259A13350060B4C1 /* ViewController.swift in Sources */,
				82F17FDC259A13350060B4C1 /* AppDelegate.swift in Sources */,
				82F17FDE259A13350060B4C1 /* SceneDelegate.swift in Sources */,
			);
			runOnlyForDeploymentPostprocessing = 0;
		};
		82F17FEA259A13380060B4C1 /* Sources */ = {
			isa = PBXSourcesBuildPhase;
			buildActionMask = 2147483647;
			files = (
				82F17FF3259A13380060B4C1 /* ImageViewTests.swift in Sources */,
			);
			runOnlyForDeploymentPostprocessing = 0;
		};
		82F17FF5259A13380060B4C1 /* Sources */ = {
			isa = PBXSourcesBuildPhase;
			buildActionMask = 2147483647;
			files = (
				82F17FFE259A13380060B4C1 /* ImageViewUITests.swift in Sources */,
			);
			runOnlyForDeploymentPostprocessing = 0;
		};
/* End PBXSourcesBuildPhase section */

/* Begin PBXTargetDependency section */
		82F17FF0259A13380060B4C1 /* PBXTargetDependency */ = {
			isa = PBXTargetDependency;
			target = 82F17FD7259A13350060B4C1 /* ImageView */;
			targetProxy = 82F17FEF259A13380060B4C1 /* PBXContainerItemProxy */;
		};
		82F17FFB259A13380060B4C1 /* PBXTargetDependency */ = {
			isa = PBXTargetDependency;
			target = 82F17FD7259A13350060B4C1 /* ImageView */;
			targetProxy = 82F17FFA259A13380060B4C1 /* PBXContainerItemProxy */;
		};
/* End PBXTargetDependency section */

/* Begin PBXVariantGroup section */
		82F17FE1259A13350060B4C1 /* Main.storyboard */ = {
			isa = PBXVariantGroup;
			children = (
				82F17FE2259A13350060B4C1 /* Base */,
			);
			name = Main.storyboard;
			sourceTree = "<group>";
		};
		82F17FE6259A13370060B4C1 /* LaunchScreen.storyboard */ = {
			isa = PBXVariantGroup;
			children = (
				82F17FE7259A13370060B4C1 /* Base */,
			);
			name = LaunchScreen.storyboard;
			sourceTree = "<group>";
		};
/* End PBXVariantGroup section */

/* Begin XCBuildConfiguration section */
		82F18000259A13380060B4C1 /* Debug */ = {
			isa = XCBuildConfiguration;
			buildSettings = {
				ALWAYS_SEARCH_USER_PATHS = NO;
				CLANG_ANALYZER_NONNULL = YES;
				CLANG_ANALYZER_NUMBER_OBJECT_CONVERSION = YES_AGGRESSIVE;
				CLANG_CXX_LANGUAGE_STANDARD = "gnu++14";
				CLANG_CXX_LIBRARY = "libc++";
				CLANG_ENABLE_MODULES = YES;
				CLANG_ENABLE_OBJC_ARC = YES;
				CLANG_ENABLE_OBJC_WEAK = YES;
				CLANG_WARN_BLOCK_CAPTURE_AUTORELEASING = YES;
				CLANG_WARN_BOOL_CONVERSION = YES;
				CLANG_WARN_COMMA = YES;
				CLANG_WARN_CONSTANT_CONVERSION = YES;
				CLANG_WARN_DEPRECATED_OBJC_IMPLEMENTATIONS = YES;
				CLANG_WARN_DIRECT_OBJC_ISA_USAGE = YES_ERROR;
				CLANG_WARN_DOCUMENTATION_COMMENTS = YES;
				CLANG_WARN_EMPTY_BODY = YES;
				CLANG_WARN_ENUM_CONVERSION = YES;
				CLANG_WARN_INFINITE_RECURSION = YES;
				CLANG_WARN_INT_CONVERSION = YES;
				CLANG_WARN_NON_LITERAL_NULL_CONVERSION = YES;
				CLANG_WARN_OBJC_IMPLICIT_RETAIN_SELF = YES;
				CLANG_WARN_OBJC_LITERAL_CONVERSION = YES;
				CLANG_WARN_OBJC_ROOT_CLASS = YES_ERROR;
				CLANG_WARN_QUOTED_INCLUDE_IN_FRAMEWORK_HEADER = YES;
				CLANG_WARN_RANGE_LOOP_ANALYSIS = YES;
				CLANG_WARN_STRICT_PROTOTYPES = YES;
				CLANG_WARN_SUSPICIOUS_MOVE = YES;
				CLANG_WARN_UNGUARDED_AVAILABILITY = YES_AGGRESSIVE;
				CLANG_WARN_UNREACHABLE_CODE = YES;
				CLANG_WARN__DUPLICATE_METHOD_MATCH = YES;
				COPY_PHASE_STRIP = NO;
				DEBUG_INFORMATION_FORMAT = dwarf;
				ENABLE_STRICT_OBJC_MSGSEND = YES;
				ENABLE_TESTABILITY = YES;
				GCC_C_LANGUAGE_STANDARD = gnu11;
				GCC_DYNAMIC_NO_PIC = NO;
				GCC_NO_COMMON_BLOCKS = YES;
				GCC_OPTIMIZATION_LEVEL = 0;
				GCC_PREPROCESSOR_DEFINITIONS = (
					"DEBUG=1",
					"$(inherited)",
				);
				GCC_WARN_64_TO_32_BIT_CONVERSION = YES;
				GCC_WARN_ABOUT_RETURN_TYPE = YES_ERROR;
				GCC_WARN_UNDECLARED_SELECTOR = YES;
				GCC_WARN_UNINITIALIZED_AUTOS = YES_AGGRESSIVE;
				GCC_WARN_UNUSED_FUNCTION = YES;
				GCC_WARN_UNUSED_VARIABLE = YES;
				IPHONEOS_DEPLOYMENT_TARGET = 14.2;
				MTL_ENABLE_DEBUG_INFO = INCLUDE_SOURCE;
				MTL_FAST_MATH = YES;
				ONLY_ACTIVE_ARCH = YES;
				SDKROOT = iphoneos;
				SWIFT_ACTIVE_COMPILATION_CONDITIONS = DEBUG;
				SWIFT_OPTIMIZATION_LEVEL = "-Onone";
			};
			name = Debug;
		};
		82F18001259A13380060B4C1 /* Release */ = {
			isa = XCBuildConfiguration;
			buildSettings = {
				ALWAYS_SEARCH_USER_PATHS = NO;
				CLANG_ANALYZER_NONNULL = YES;
				CLANG_ANALYZER_NUMBER_OBJECT_CONVERSION = YES_AGGRESSIVE;
				CLANG_CXX_LANGUAGE_STANDARD = "gnu++14";
				CLANG_CXX_LIBRARY = "libc++";
				CLANG_ENABLE_MODULES = YES;
				CLANG_ENABLE_OBJC_ARC = YES;
				CLANG_ENABLE_OBJC_WEAK = YES;
				CLANG_WARN_BLOCK_CAPTURE_AUTORELEASING = YES;
				CLANG_WARN_BOOL_CONVERSION = YES;
				CLANG_WARN_COMMA = YES;
				CLANG_WARN_CONSTANT_CONVERSION = YES;
				CLANG_WARN_DEPRECATED_OBJC_IMPLEMENTATIONS = YES;
				CLANG_WARN_DIRECT_OBJC_ISA_USAGE = YES_ERROR;
				CLANG_WARN_DOCUMENTATION_COMMENTS = YES;
				CLANG_WARN_EMPTY_BODY = YES;
				CLANG_WARN_ENUM_CONVERSION = YES;
				CLANG_WARN_INFINITE_RECURSION = YES;
				CLANG_WARN_INT_CONVERSION = YES;
				CLANG_WARN_NON_LITERAL_NULL_CONVERSION = YES;
				CLANG_WARN_OBJC_IMPLICIT_RETAIN_SELF = YES;
				CLANG_WARN_OBJC_LITERAL_CONVERSION = YES;
				CLANG_WARN_OBJC_ROOT_CLASS = YES_ERROR;
				CLANG_WARN_QUOTED_INCLUDE_IN_FRAMEWORK_HEADER = YES;
				CLANG_WARN_RANGE_LOOP_ANALYSIS = YES;
				CLANG_WARN_STRICT_PROTOTYPES = YES;
				CLANG_WARN_SUSPICIOUS_MOVE = YES;
				CLANG_WARN_UNGUARDED_AVAILABILITY = YES_AGGRESSIVE;
				CLANG_WARN_UNREACHABLE_CODE = YES;
				CLANG_WARN__DUPLICATE_METHOD_MATCH = YES;
				COPY_PHASE_STRIP = NO;
				DEBUG_INFORMATION_FORMAT = "dwarf-with-dsym";
				ENABLE_NS_ASSERTIONS = NO;
				ENABLE_STRICT_OBJC_MSGSEND = YES;
				GCC_C_LANGUAGE_STANDARD = gnu11;
				GCC_NO_COMMON_BLOCKS = YES;
				GCC_WARN_64_TO_32_BIT_CONVERSION = YES;
				GCC_WARN_ABOUT_RETURN_TYPE = YES_ERROR;
				GCC_WARN_UNDECLARED_SELECTOR = YES;
				GCC_WARN_UNINITIALIZED_AUTOS = YES_AGGRESSIVE;
				GCC_WARN_UNUSED_FUNCTION = YES;
				GCC_WARN_UNUSED_VARIABLE = YES;
				IPHONEOS_DEPLOYMENT_TARGET = 14.2;
				MTL_ENABLE_DEBUG_INFO = NO;
				MTL_FAST_MATH = YES;
				SDKROOT = iphoneos;
				SWIFT_COMPILATION_MODE = wholemodule;
				SWIFT_OPTIMIZATION_LEVEL = "-O";
				VALIDATE_PRODUCT = YES;
			};
			name = Release;
		};
		82F18003259A13380060B4C1 /* Debug */ = {
			isa = XCBuildConfiguration;
			buildSettings = {
				ASSETCATALOG_COMPILER_APPICON_NAME = AppIcon;
				ASSETCATALOG_COMPILER_GLOBAL_ACCENT_COLOR_NAME = AccentColor;
				CODE_SIGN_STYLE = Automatic;
				DEVELOPMENT_TEAM = 6V73VZX49U;
				INFOPLIST_FILE = ImageView/Info.plist;
				LD_RUNPATH_SEARCH_PATHS = (
					"$(inherited)",
					"@executable_path/Frameworks",
				);
				PRODUCT_BUNDLE_IDENTIFIER = com.jungwon.ImageView;
				PRODUCT_NAME = "$(TARGET_NAME)";
				SWIFT_VERSION = 5.0;
				TARGETED_DEVICE_FAMILY = "1,2";
			};
			name = Debug;
		};
		82F18004259A13380060B4C1 /* Release */ = {
			isa = XCBuildConfiguration;
			buildSettings = {
				ASSETCATALOG_COMPILER_APPICON_NAME = AppIcon;
				ASSETCATALOG_COMPILER_GLOBAL_ACCENT_COLOR_NAME = AccentColor;
				CODE_SIGN_STYLE = Automatic;
				DEVELOPMENT_TEAM = 6V73VZX49U;
				INFOPLIST_FILE = ImageView/Info.plist;
				LD_RUNPATH_SEARCH_PATHS = (
					"$(inherited)",
					"@executable_path/Frameworks",
				);
				PRODUCT_BUNDLE_IDENTIFIER = com.jungwon.ImageView;
				PRODUCT_NAME = "$(TARGET_NAME)";
				SWIFT_VERSION = 5.0;
				TARGETED_DEVICE_FAMILY = "1,2";
			};
			name = Release;
		};
		82F18006259A13380060B4C1 /* Debug */ = {
			isa = XCBuildConfiguration;
			buildSettings = {
				ALWAYS_EMBED_SWIFT_STANDARD_LIBRARIES = YES;
				BUNDLE_LOADER = "$(TEST_HOST)";
				CODE_SIGN_STYLE = Automatic;
				DEVELOPMENT_TEAM = 6V73VZX49U;
				INFOPLIST_FILE = ImageViewTests/Info.plist;
				IPHONEOS_DEPLOYMENT_TARGET = 14.2;
				LD_RUNPATH_SEARCH_PATHS = (
					"$(inherited)",
					"@executable_path/Frameworks",
					"@loader_path/Frameworks",
				);
				PRODUCT_BUNDLE_IDENTIFIER = com.jungwon.ImageViewTests;
				PRODUCT_NAME = "$(TARGET_NAME)";
				SWIFT_VERSION = 5.0;
				TARGETED_DEVICE_FAMILY = "1,2";
				TEST_HOST = "$(BUILT_PRODUCTS_DIR)/ImageView.app/ImageView";
			};
			name = Debug;
		};
		82F18007259A13380060B4C1 /* Release */ = {
			isa = XCBuildConfiguration;
			buildSettings = {
				ALWAYS_EMBED_SWIFT_STANDARD_LIBRARIES = YES;
				BUNDLE_LOADER = "$(TEST_HOST)";
				CODE_SIGN_STYLE = Automatic;
				DEVELOPMENT_TEAM = 6V73VZX49U;
				INFOPLIST_FILE = ImageViewTests/Info.plist;
				IPHONEOS_DEPLOYMENT_TARGET = 14.2;
				LD_RUNPATH_SEARCH_PATHS = (
					"$(inherited)",
					"@executable_path/Frameworks",
					"@loader_path/Frameworks",
				);
				PRODUCT_BUNDLE_IDENTIFIER = com.jungwon.ImageViewTests;
				PRODUCT_NAME = "$(TARGET_NAME)";
				SWIFT_VERSION = 5.0;
				TARGETED_DEVICE_FAMILY = "1,2";
				TEST_HOST = "$(BUILT_PRODUCTS_DIR)/ImageView.app/ImageView";
			};
			name = Release;
		};
		82F18009259A13380060B4C1 /* Debug */ = {
			isa = XCBuildConfiguration;
			buildSettings = {
				ALWAYS_EMBED_SWIFT_STANDARD_LIBRARIES = YES;
				CODE_SIGN_STYLE = Automatic;
				DEVELOPMENT_TEAM = 6V73VZX49U;
				INFOPLIST_FILE = ImageViewUITests/Info.plist;
				LD_RUNPATH_SEARCH_PATHS = (
					"$(inherited)",
					"@executable_path/Frameworks",
					"@loader_path/Frameworks",
				);
				PRODUCT_BUNDLE_IDENTIFIER = com.jungwon.ImageViewUITests;
				PRODUCT_NAME = "$(TARGET_NAME)";
				SWIFT_VERSION = 5.0;
				TARGETED_DEVICE_FAMILY = "1,2";
				TEST_TARGET_NAME = ImageView;
			};
			name = Debug;
		};
		82F1800A259A13380060B4C1 /* Release */ = {
			isa = XCBuildConfiguration;
			buildSettings = {
				ALWAYS_EMBED_SWIFT_STANDARD_LIBRARIES = YES;
				CODE_SIGN_STYLE = Automatic;
				DEVELOPMENT_TEAM = 6V73VZX49U;
				INFOPLIST_FILE = ImageViewUITests/Info.plist;
				LD_RUNPATH_SEARCH_PATHS = (
					"$(inherited)",
					"@executable_path/Frameworks",
					"@loader_path/Frameworks",
				);
				PRODUCT_BUNDLE_IDENTIFIER = com.jungwon.ImageViewUITests;
				PRODUCT_NAME = "$(TARGET_NAME)";
				SWIFT_VERSION = 5.0;
				TARGETED_DEVICE_FAMILY = "1,2";
				TEST_TARGET_NAME = ImageView;
			};
			name = Release;
		};
/* End XCBuildConfiguration section */

/* Begin XCConfigurationList section */
		82F17FD3259A13350060B4C1 /* Build configuration list for PBXProject "ImageView" */ = {
			isa = XCConfigurationList;
			buildConfigurations = (
				82F18000259A13380060B4C1 /* Debug */,
				82F18001259A13380060B4C1 /* Release */,
			);
			defaultConfigurationIsVisible = 0;
			defaultConfigurationName = Release;
		};
		82F18002259A13380060B4C1 /* Build configuration list for PBXNativeTarget "ImageView" */ = {
			isa = XCConfigurationList;
			buildConfigurations = (
				82F18003259A13380060B4C1 /* Debug */,
				82F18004259A13380060B4C1 /* Release */,
			);
			defaultConfigurationIsVisible = 0;
			defaultConfigurationName = Release;
		};
		82F18005259A13380060B4C1 /* Build configuration list for PBXNativeTarget "ImageViewTests" */ = {
			isa = XCConfigurationList;
			buildConfigurations = (
				82F18006259A13380060B4C1 /* Debug */,
				82F18007259A13380060B4C1 /* Release */,
			);
			defaultConfigurationIsVisible = 0;
			defaultConfigurationName = Release;
		};
		82F18008259A13380060B4C1 /* Build configuration list for PBXNativeTarget "ImageViewUITests" */ = {
			isa = XCConfigurationList;
			buildConfigurations = (
				82F18009259A13380060B4C1 /* Debug */,
				82F1800A259A13380060B4C1 /* Release */,
			);
			defaultConfigurationIsVisible = 0;
			defaultConfigurationName = Release;
		};
/* End XCConfigurationList section */
	};
	rootObject = 82F17FD0259A13350060B4C1 /* Project object */;
}
