// !$*UTF8*$!
{
	archiveVersion = 1;
	classes = {
	};
	objectVersion = 50;
	objects = {

/* Begin PBXBuildFile section */
		8279B3D72598A1B500F71C3A /* AppDelegate.swift in Sources */ = {isa = PBXBuildFile; fileRef = 8279B3D62598A1B500F71C3A /* AppDelegate.swift */; };
		8279B3D92598A1B500F71C3A /* SceneDelegate.swift in Sources */ = {isa = PBXBuildFile; fileRef = 8279B3D82598A1B500F71C3A /* SceneDelegate.swift */; };
		8279B3DB2598A1B500F71C3A /* ViewController.swift in Sources */ = {isa = PBXBuildFile; fileRef = 8279B3DA2598A1B500F71C3A /* ViewController.swift */; };
		8279B3DE2598A1B500F71C3A /* Main.storyboard in Resources */ = {isa = PBXBuildFile; fileRef = 8279B3DC2598A1B500F71C3A /* Main.storyboard */; };
		8279B3E02598A1B800F71C3A /* Assets.xcassets in Resources */ = {isa = PBXBuildFile; fileRef = 8279B3DF2598A1B800F71C3A /* Assets.xcassets */; };
		8279B3E32598A1B800F71C3A /* LaunchScreen.storyboard in Resources */ = {isa = PBXBuildFile; fileRef = 8279B3E12598A1B800F71C3A /* LaunchScreen.storyboard */; };
		8279B3EE2598A1B800F71C3A /* HelloWorldTests.swift in Sources */ = {isa = PBXBuildFile; fileRef = 8279B3ED2598A1B800F71C3A /* HelloWorldTests.swift */; };
		8279B3F92598A1B800F71C3A /* HelloWorldUITests.swift in Sources */ = {isa = PBXBuildFile; fileRef = 8279B3F82598A1B800F71C3A /* HelloWorldUITests.swift */; };
/* End PBXBuildFile section */

/* Begin PBXContainerItemProxy section */
		8279B3EA2598A1B800F71C3A /* PBXContainerItemProxy */ = {
			isa = PBXContainerItemProxy;
			containerPortal = 8279B3CB2598A1B500F71C3A /* Project object */;
			proxyType = 1;
			remoteGlobalIDString = 8279B3D22598A1B500F71C3A;
			remoteInfo = HelloWorld;
		};
		8279B3F52598A1B800F71C3A /* PBXContainerItemProxy */ = {
			isa = PBXContainerItemProxy;
			containerPortal = 8279B3CB2598A1B500F71C3A /* Project object */;
			proxyType = 1;
			remoteGlobalIDString = 8279B3D22598A1B500F71C3A;
			remoteInfo = HelloWorld;
		};
/* End PBXContainerItemProxy section */

/* Begin PBXFileReference section */
		8279B3D32598A1B500F71C3A /* HelloWorld.app */ = {isa = PBXFileReference; explicitFileType = wrapper.application; includeInIndex = 0; path = HelloWorld.app; sourceTree = BUILT_PRODUCTS_DIR; };
		8279B3D62598A1B500F71C3A /* AppDelegate.swift */ = {isa = PBXFileReference; lastKnownFileType = sourcecode.swift; path = AppDelegate.swift; sourceTree = "<group>"; };
		8279B3D82598A1B500F71C3A /* SceneDelegate.swift */ = {isa = PBXFileReference; lastKnownFileType = sourcecode.swift; path = SceneDelegate.swift; sourceTree = "<group>"; };
		8279B3DA2598A1B500F71C3A /* ViewController.swift */ = {isa = PBXFileReference; lastKnownFileType = sourcecode.swift; path = ViewController.swift; sourceTree = "<group>"; };
		8279B3DD2598A1B500F71C3A /* Base */ = {isa = PBXFileReference; lastKnownFileType = file.storyboard; name = Base; path = Base.lproj/Main.storyboard; sourceTree = "<group>"; };
		8279B3DF2598A1B800F71C3A /* Assets.xcassets */ = {isa = PBXFileReference; lastKnownFileType = folder.assetcatalog; path = Assets.xcassets; sourceTree = "<group>"; };
		8279B3E22598A1B800F71C3A /* Base */ = {isa = PBXFileReference; lastKnownFileType = file.storyboard; name = Base; path = Base.lproj/LaunchScreen.storyboard; sourceTree = "<group>"; };
		8279B3E42598A1B800F71C3A /* Info.plist */ = {isa = PBXFileReference; lastKnownFileType = text.plist.xml; path = Info.plist; sourceTree = "<group>"; };
		8279B3E92598A1B800F71C3A /* HelloWorldTests.xctest */ = {isa = PBXFileReference; explicitFileType = wrapper.cfbundle; includeInIndex = 0; path = HelloWorldTests.xctest; sourceTree = BUILT_PRODUCTS_DIR; };
		8279B3ED2598A1B800F71C3A /* HelloWorldTests.swift */ = {isa = PBXFileReference; lastKnownFileType = sourcecode.swift; path = HelloWorldTests.swift; sourceTree = "<group>"; };
		8279B3EF2598A1B800F71C3A /* Info.plist */ = {isa = PBXFileReference; lastKnownFileType = text.plist.xml; path = Info.plist; sourceTree = "<group>"; };
		8279B3F42598A1B800F71C3A /* HelloWorldUITests.xctest */ = {isa = PBXFileReference; explicitFileType = wrapper.cfbundle; includeInIndex = 0; path = HelloWorldUITests.xctest; sourceTree = BUILT_PRODUCTS_DIR; };
		8279B3F82598A1B800F71C3A /* HelloWorldUITests.swift */ = {isa = PBXFileReference; lastKnownFileType = sourcecode.swift; path = HelloWorldUITests.swift; sourceTree = "<group>"; };
		8279B3FA2598A1B800F71C3A /* Info.plist */ = {isa = PBXFileReference; lastKnownFileType = text.plist.xml; path = Info.plist; sourceTree = "<group>"; };
/* End PBXFileReference section */

/* Begin PBXFrameworksBuildPhase section */
		8279B3D02598A1B500F71C3A /* Frameworks */ = {
			isa = PBXFrameworksBuildPhase;
			buildActionMask = 2147483647;
			files = (
			);
			runOnlyForDeploymentPostprocessing = 0;
		};
		8279B3E62598A1B800F71C3A /* Frameworks */ = {
			isa = PBXFrameworksBuildPhase;
			buildActionMask = 2147483647;
			files = (
			);
			runOnlyForDeploymentPostprocessing = 0;
		};
		8279B3F12598A1B800F71C3A /* Frameworks */ = {
			isa = PBXFrameworksBuildPhase;
			buildActionMask = 2147483647;
			files = (
			);
			runOnlyForDeploymentPostprocessing = 0;
		};
/* End PBXFrameworksBuildPhase section */

/* Begin PBXGroup section */
		8279B3CA2598A1B500F71C3A = {
			isa = PBXGroup;
			children = (
				8279B3D52598A1B500F71C3A /* HelloWorld */,
				8279B3EC2598A1B800F71C3A /* HelloWorldTests */,
				8279B3F72598A1B800F71C3A /* HelloWorldUITests */,
				8279B3D42598A1B500F71C3A /* Products */,
			);
			sourceTree = "<group>";
		};
		8279B3D42598A1B500F71C3A /* Products */ = {
			isa = PBXGroup;
			children = (
				8279B3D32598A1B500F71C3A /* HelloWorld.app */,
				8279B3E92598A1B800F71C3A /* HelloWorldTests.xctest */,
				8279B3F42598A1B800F71C3A /* HelloWorldUITests.xctest */,
			);
			name = Products;
			sourceTree = "<group>";
		};
		8279B3D52598A1B500F71C3A /* HelloWorld */ = {
			isa = PBXGroup;
			children = (
				8279B3D62598A1B500F71C3A /* AppDelegate.swift */,
				8279B3D82598A1B500F71C3A /* SceneDelegate.swift */,
				8279B3DA2598A1B500F71C3A /* ViewController.swift */,
				8279B3DC2598A1B500F71C3A /* Main.storyboard */,
				8279B3DF2598A1B800F71C3A /* Assets.xcassets */,
				8279B3E12598A1B800F71C3A /* LaunchScreen.storyboard */,
				8279B3E42598A1B800F71C3A /* Info.plist */,
			);
			path = HelloWorld;
			sourceTree = "<group>";
		};
		8279B3EC2598A1B800F71C3A /* HelloWorldTests */ = {
			isa = PBXGroup;
			children = (
				8279B3ED2598A1B800F71C3A /* HelloWorldTests.swift */,
				8279B3EF2598A1B800F71C3A /* Info.plist */,
			);
			path = HelloWorldTests;
			sourceTree = "<group>";
		};
		8279B3F72598A1B800F71C3A /* HelloWorldUITests */ = {
			isa = PBXGroup;
			children = (
				8279B3F82598A1B800F71C3A /* HelloWorldUITests.swift */,
				8279B3FA2598A1B800F71C3A /* Info.plist */,
			);
			path = HelloWorldUITests;
			sourceTree = "<group>";
		};
/* End PBXGroup section */

/* Begin PBXNativeTarget section */
		8279B3D22598A1B500F71C3A /* HelloWorld */ = {
			isa = PBXNativeTarget;
			buildConfigurationList = 8279B3FD2598A1B800F71C3A /* Build configuration list for PBXNativeTarget "HelloWorld" */;
			buildPhases = (
				8279B3CF2598A1B500F71C3A /* Sources */,
				8279B3D02598A1B500F71C3A /* Frameworks */,
				8279B3D12598A1B500F71C3A /* Resources */,
			);
			buildRules = (
			);
			dependencies = (
			);
			name = HelloWorld;
			productName = HelloWorld;
			productReference = 8279B3D32598A1B500F71C3A /* HelloWorld.app */;
			productType = "com.apple.product-type.application";
		};
		8279B3E82598A1B800F71C3A /* HelloWorldTests */ = {
			isa = PBXNativeTarget;
			buildConfigurationList = 8279B4002598A1B800F71C3A /* Build configuration list for PBXNativeTarget "HelloWorldTests" */;
			buildPhases = (
				8279B3E52598A1B800F71C3A /* Sources */,
				8279B3E62598A1B800F71C3A /* Frameworks */,
				8279B3E72598A1B800F71C3A /* Resources */,
			);
			buildRules = (
			);
			dependencies = (
				8279B3EB2598A1B800F71C3A /* PBXTargetDependency */,
			);
			name = HelloWorldTests;
			productName = HelloWorldTests;
			productReference = 8279B3E92598A1B800F71C3A /* HelloWorldTests.xctest */;
			productType = "com.apple.product-type.bundle.unit-test";
		};
		8279B3F32598A1B800F71C3A /* HelloWorldUITests */ = {
			isa = PBXNativeTarget;
			buildConfigurationList = 8279B4032598A1B800F71C3A /* Build configuration list for PBXNativeTarget "HelloWorldUITests" */;
			buildPhases = (
				8279B3F02598A1B800F71C3A /* Sources */,
				8279B3F12598A1B800F71C3A /* Frameworks */,
				8279B3F22598A1B800F71C3A /* Resources */,
			);
			buildRules = (
			);
			dependencies = (
				8279B3F62598A1B800F71C3A /* PBXTargetDependency */,
			);
			name = HelloWorldUITests;
			productName = HelloWorldUITests;
			productReference = 8279B3F42598A1B800F71C3A /* HelloWorldUITests.xctest */;
			productType = "com.apple.product-type.bundle.ui-testing";
		};
/* End PBXNativeTarget section */

/* Begin PBXProject section */
		8279B3CB2598A1B500F71C3A /* Project object */ = {
			isa = PBXProject;
			attributes = {
				LastSwiftUpdateCheck = 1220;
				LastUpgradeCheck = 1220;
				TargetAttributes = {
					8279B3D22598A1B500F71C3A = {
						CreatedOnToolsVersion = 12.2;
					};
					8279B3E82598A1B800F71C3A = {
						CreatedOnToolsVersion = 12.2;
						TestTargetID = 8279B3D22598A1B500F71C3A;
					};
					8279B3F32598A1B800F71C3A = {
						CreatedOnToolsVersion = 12.2;
						TestTargetID = 8279B3D22598A1B500F71C3A;
					};
				};
			};
			buildConfigurationList = 8279B3CE2598A1B500F71C3A /* Build configuration list for PBXProject "HelloWorld" */;
			compatibilityVersion = "Xcode 9.3";
			developmentRegion = en;
			hasScannedForEncodings = 0;
			knownRegions = (
				en,
				Base,
			);
			mainGroup = 8279B3CA2598A1B500F71C3A;
			productRefGroup = 8279B3D42598A1B500F71C3A /* Products */;
			projectDirPath = "";
			projectRoot = "";
			targets = (
				8279B3D22598A1B500F71C3A /* HelloWorld */,
				8279B3E82598A1B800F71C3A /* HelloWorldTests */,
				8279B3F32598A1B800F71C3A /* HelloWorldUITests */,
			);
		};
/* End PBXProject section */

/* Begin PBXResourcesBuildPhase section */
		8279B3D12598A1B500F71C3A /* Resources */ = {
			isa = PBXResourcesBuildPhase;
			buildActionMask = 2147483647;
			files = (
				8279B3E32598A1B800F71C3A /* LaunchScreen.storyboard in Resources */,
				8279B3E02598A1B800F71C3A /* Assets.xcassets in Resources */,
				8279B3DE2598A1B500F71C3A /* Main.storyboard in Resources */,
			);
			runOnlyForDeploymentPostprocessing = 0;
		};
		8279B3E72598A1B800F71C3A /* Resources */ = {
			isa = PBXResourcesBuildPhase;
			buildActionMask = 2147483647;
			files = (
			);
			runOnlyForDeploymentPostprocessing = 0;
		};
		8279B3F22598A1B800F71C3A /* Resources */ = {
			isa = PBXResourcesBuildPhase;
			buildActionMask = 2147483647;
			files = (
			);
			runOnlyForDeploymentPostprocessing = 0;
		};
/* End PBXResourcesBuildPhase section */

/* Begin PBXSourcesBuildPhase section */
		8279B3CF2598A1B500F71C3A /* Sources */ = {
			isa = PBXSourcesBuildPhase;
			buildActionMask = 2147483647;
			files = (
				8279B3DB2598A1B500F71C3A /* ViewController.swift in Sources */,
				8279B3D72598A1B500F71C3A /* AppDelegate.swift in Sources */,
				8279B3D92598A1B500F71C3A /* SceneDelegate.swift in Sources */,
			);
			runOnlyForDeploymentPostprocessing = 0;
		};
		8279B3E52598A1B800F71C3A /* Sources */ = {
			isa = PBXSourcesBuildPhase;
			buildActionMask = 2147483647;
			files = (
				8279B3EE2598A1B800F71C3A /* HelloWorldTests.swift in Sources */,
			);
			runOnlyForDeploymentPostprocessing = 0;
		};
		8279B3F02598A1B800F71C3A /* Sources */ = {
			isa = PBXSourcesBuildPhase;
			buildActionMask = 2147483647;
			files = (
				8279B3F92598A1B800F71C3A /* HelloWorldUITests.swift in Sources */,
			);
			runOnlyForDeploymentPostprocessing = 0;
		};
/* End PBXSourcesBuildPhase section */

/* Begin PBXTargetDependency section */
		8279B3EB2598A1B800F71C3A /* PBXTargetDependency */ = {
			isa = PBXTargetDependency;
			target = 8279B3D22598A1B500F71C3A /* HelloWorld */;
			targetProxy = 8279B3EA2598A1B800F71C3A /* PBXContainerItemProxy */;
		};
		8279B3F62598A1B800F71C3A /* PBXTargetDependency */ = {
			isa = PBXTargetDependency;
			target = 8279B3D22598A1B500F71C3A /* HelloWorld */;
			targetProxy = 8279B3F52598A1B800F71C3A /* PBXContainerItemProxy */;
		};
/* End PBXTargetDependency section */

/* Begin PBXVariantGroup section */
		8279B3DC2598A1B500F71C3A /* Main.storyboard */ = {
			isa = PBXVariantGroup;
			children = (
				8279B3DD2598A1B500F71C3A /* Base */,
			);
			name = Main.storyboard;
			sourceTree = "<group>";
		};
		8279B3E12598A1B800F71C3A /* LaunchScreen.storyboard */ = {
			isa = PBXVariantGroup;
			children = (
				8279B3E22598A1B800F71C3A /* Base */,
			);
			name = LaunchScreen.storyboard;
			sourceTree = "<group>";
		};
/* End PBXVariantGroup section */

/* Begin XCBuildConfiguration section */
		8279B3FB2598A1B800F71C3A /* Debug */ = {
			isa = XCBuildConfiguration;
			buildSettings = {
				ALWAYS_SEARCH_USER_PATHS = NO;
				CLANG_ANALYZER_NONNULL = YES;
				CLANG_ANALYZER_NUMBER_OBJECT_CONVERSION = YES_AGGRESSIVE;
				CLANG_CXX_LANGUAGE_STANDARD = "gnu++14";
				CLANG_CXX_LIBRARY = "libc++";
				CLANG_ENABLE_MODULES = YES;
				CLANG_ENABLE_OBJC_ARC = YES;
				CLANG_ENABLE_OBJC_WEAK = YES;
				CLANG_WARN_BLOCK_CAPTURE_AUTORELEASING = YES;
				CLANG_WARN_BOOL_CONVERSION = YES;
				CLANG_WARN_COMMA = YES;
				CLANG_WARN_CONSTANT_CONVERSION = YES;
				CLANG_WARN_DEPRECATED_OBJC_IMPLEMENTATIONS = YES;
				CLANG_WARN_DIRECT_OBJC_ISA_USAGE = YES_ERROR;
				CLANG_WARN_DOCUMENTATION_COMMENTS = YES;
				CLANG_WARN_EMPTY_BODY = YES;
				CLANG_WARN_ENUM_CONVERSION = YES;
				CLANG_WARN_INFINITE_RECURSION = YES;
				CLANG_WARN_INT_CONVERSION = YES;
				CLANG_WARN_NON_LITERAL_NULL_CONVERSION = YES;
				CLANG_WARN_OBJC_IMPLICIT_RETAIN_SELF = YES;
				CLANG_WARN_OBJC_LITERAL_CONVERSION = YES;
				CLANG_WARN_OBJC_ROOT_CLASS = YES_ERROR;
				CLANG_WARN_QUOTED_INCLUDE_IN_FRAMEWORK_HEADER = YES;
				CLANG_WARN_RANGE_LOOP_ANALYSIS = YES;
				CLANG_WARN_STRICT_PROTOTYPES = YES;
				CLANG_WARN_SUSPICIOUS_MOVE = YES;
				CLANG_WARN_UNGUARDED_AVAILABILITY = YES_AGGRESSIVE;
				CLANG_WARN_UNREACHABLE_CODE = YES;
				CLANG_WARN__DUPLICATE_METHOD_MATCH = YES;
				COPY_PHASE_STRIP = NO;
				DEBUG_INFORMATION_FORMAT = dwarf;
				ENABLE_STRICT_OBJC_MSGSEND = YES;
				ENABLE_TESTABILITY = YES;
				GCC_C_LANGUAGE_STANDARD = gnu11;
				GCC_DYNAMIC_NO_PIC = NO;
				GCC_NO_COMMON_BLOCKS = YES;
				GCC_OPTIMIZATION_LEVEL = 0;
				GCC_PREPROCESSOR_DEFINITIONS = (
					"DEBUG=1",
					"$(inherited)",
				);
				GCC_WARN_64_TO_32_BIT_CONVERSION = YES;
				GCC_WARN_ABOUT_RETURN_TYPE = YES_ERROR;
				GCC_WARN_UNDECLARED_SELECTOR = YES;
				GCC_WARN_UNINITIALIZED_AUTOS = YES_AGGRESSIVE;
				GCC_WARN_UNUSED_FUNCTION = YES;
				GCC_WARN_UNUSED_VARIABLE = YES;
				IPHONEOS_DEPLOYMENT_TARGET = 14.2;
				MTL_ENABLE_DEBUG_INFO = INCLUDE_SOURCE;
				MTL_FAST_MATH = YES;
				ONLY_ACTIVE_ARCH = YES;
				SDKROOT = iphoneos;
				SWIFT_ACTIVE_COMPILATION_CONDITIONS = DEBUG;
				SWIFT_OPTIMIZATION_LEVEL = "-Onone";
			};
			name = Debug;
		};
		8279B3FC2598A1B800F71C3A /* Release */ = {
			isa = XCBuildConfiguration;
			buildSettings = {
				ALWAYS_SEARCH_USER_PATHS = NO;
				CLANG_ANALYZER_NONNULL = YES;
				CLANG_ANALYZER_NUMBER_OBJECT_CONVERSION = YES_AGGRESSIVE;
				CLANG_CXX_LANGUAGE_STANDARD = "gnu++14";
				CLANG_CXX_LIBRARY = "libc++";
				CLANG_ENABLE_MODULES = YES;
				CLANG_ENABLE_OBJC_ARC = YES;
				CLANG_ENABLE_OBJC_WEAK = YES;
				CLANG_WARN_BLOCK_CAPTURE_AUTORELEASING = YES;
				CLANG_WARN_BOOL_CONVERSION = YES;
				CLANG_WARN_COMMA = YES;
				CLANG_WARN_CONSTANT_CONVERSION = YES;
				CLANG_WARN_DEPRECATED_OBJC_IMPLEMENTATIONS = YES;
				CLANG_WARN_DIRECT_OBJC_ISA_USAGE = YES_ERROR;
				CLANG_WARN_DOCUMENTATION_COMMENTS = YES;
				CLANG_WARN_EMPTY_BODY = YES;
				CLANG_WARN_ENUM_CONVERSION = YES;
				CLANG_WARN_INFINITE_RECURSION = YES;
				CLANG_WARN_INT_CONVERSION = YES;
				CLANG_WARN_NON_LITERAL_NULL_CONVERSION = YES;
				CLANG_WARN_OBJC_IMPLICIT_RETAIN_SELF = YES;
				CLANG_WARN_OBJC_LITERAL_CONVERSION = YES;
				CLANG_WARN_OBJC_ROOT_CLASS = YES_ERROR;
				CLANG_WARN_QUOTED_INCLUDE_IN_FRAMEWORK_HEADER = YES;
				CLANG_WARN_RANGE_LOOP_ANALYSIS = YES;
				CLANG_WARN_STRICT_PROTOTYPES = YES;
				CLANG_WARN_SUSPICIOUS_MOVE = YES;
				CLANG_WARN_UNGUARDED_AVAILABILITY = YES_AGGRESSIVE;
				CLANG_WARN_UNREACHABLE_CODE = YES;
				CLANG_WARN__DUPLICATE_METHOD_MATCH = YES;
				COPY_PHASE_STRIP = NO;
				DEBUG_INFORMATION_FORMAT = "dwarf-with-dsym";
				ENABLE_NS_ASSERTIONS = NO;
				ENABLE_STRICT_OBJC_MSGSEND = YES;
				GCC_C_LANGUAGE_STANDARD = gnu11;
				GCC_NO_COMMON_BLOCKS = YES;
				GCC_WARN_64_TO_32_BIT_CONVERSION = YES;
				GCC_WARN_ABOUT_RETURN_TYPE = YES_ERROR;
				GCC_WARN_UNDECLARED_SELECTOR = YES;
				GCC_WARN_UNINITIALIZED_AUTOS = YES_AGGRESSIVE;
				GCC_WARN_UNUSED_FUNCTION = YES;
				GCC_WARN_UNUSED_VARIABLE = YES;
				IPHONEOS_DEPLOYMENT_TARGET = 14.2;
				MTL_ENABLE_DEBUG_INFO = NO;
				MTL_FAST_MATH = YES;
				SDKROOT = iphoneos;
				SWIFT_COMPILATION_MODE = wholemodule;
				SWIFT_OPTIMIZATION_LEVEL = "-O";
				VALIDATE_PRODUCT = YES;
			};
			name = Release;
		};
		8279B3FE2598A1B800F71C3A /* Debug */ = {
			isa = XCBuildConfiguration;
			buildSettings = {
				ASSETCATALOG_COMPILER_APPICON_NAME = AppIcon;
				ASSETCATALOG_COMPILER_GLOBAL_ACCENT_COLOR_NAME = AccentColor;
				CODE_SIGN_STYLE = Automatic;
				DEVELOPMENT_TEAM = 6V73VZX49U;
				INFOPLIST_FILE = HelloWorld/Info.plist;
				LD_RUNPATH_SEARCH_PATHS = (
					"$(inherited)",
					"@executable_path/Frameworks",
				);
				PRODUCT_BUNDLE_IDENTIFIER = com.jungwon.HelloWorld;
				PRODUCT_NAME = "$(TARGET_NAME)";
				SWIFT_VERSION = 5.0;
				TARGETED_DEVICE_FAMILY = "1,2";
			};
			name = Debug;
		};
		8279B3FF2598A1B800F71C3A /* Release */ = {
			isa = XCBuildConfiguration;
			buildSettings = {
				ASSETCATALOG_COMPILER_APPICON_NAME = AppIcon;
				ASSETCATALOG_COMPILER_GLOBAL_ACCENT_COLOR_NAME = AccentColor;
				CODE_SIGN_STYLE = Automatic;
				DEVELOPMENT_TEAM = 6V73VZX49U;
				INFOPLIST_FILE = HelloWorld/Info.plist;
				LD_RUNPATH_SEARCH_PATHS = (
					"$(inherited)",
					"@executable_path/Frameworks",
				);
				PRODUCT_BUNDLE_IDENTIFIER = com.jungwon.HelloWorld;
				PRODUCT_NAME = "$(TARGET_NAME)";
				SWIFT_VERSION = 5.0;
				TARGETED_DEVICE_FAMILY = "1,2";
			};
			name = Release;
		};
		8279B4012598A1B800F71C3A /* Debug */ = {
			isa = XCBuildConfiguration;
			buildSettings = {
				ALWAYS_EMBED_SWIFT_STANDARD_LIBRARIES = YES;
				BUNDLE_LOADER = "$(TEST_HOST)";
				CODE_SIGN_STYLE = Automatic;
				DEVELOPMENT_TEAM = 6V73VZX49U;
				INFOPLIST_FILE = HelloWorldTests/Info.plist;
				IPHONEOS_DEPLOYMENT_TARGET = 14.2;
				LD_RUNPATH_SEARCH_PATHS = (
					"$(inherited)",
					"@executable_path/Frameworks",
					"@loader_path/Frameworks",
				);
				PRODUCT_BUNDLE_IDENTIFIER = com.jungwon.HelloWorldTests;
				PRODUCT_NAME = "$(TARGET_NAME)";
				SWIFT_VERSION = 5.0;
				TARGETED_DEVICE_FAMILY = "1,2";
				TEST_HOST = "$(BUILT_PRODUCTS_DIR)/HelloWorld.app/HelloWorld";
			};
			name = Debug;
		};
		8279B4022598A1B800F71C3A /* Release */ = {
			isa = XCBuildConfiguration;
			buildSettings = {
				ALWAYS_EMBED_SWIFT_STANDARD_LIBRARIES = YES;
				BUNDLE_LOADER = "$(TEST_HOST)";
				CODE_SIGN_STYLE = Automatic;
				DEVELOPMENT_TEAM = 6V73VZX49U;
				INFOPLIST_FILE = HelloWorldTests/Info.plist;
				IPHONEOS_DEPLOYMENT_TARGET = 14.2;
				LD_RUNPATH_SEARCH_PATHS = (
					"$(inherited)",
					"@executable_path/Frameworks",
					"@loader_path/Frameworks",
				);
				PRODUCT_BUNDLE_IDENTIFIER = com.jungwon.HelloWorldTests;
				PRODUCT_NAME = "$(TARGET_NAME)";
				SWIFT_VERSION = 5.0;
				TARGETED_DEVICE_FAMILY = "1,2";
				TEST_HOST = "$(BUILT_PRODUCTS_DIR)/HelloWorld.app/HelloWorld";
			};
			name = Release;
		};
		8279B4042598A1B800F71C3A /* Debug */ = {
			isa = XCBuildConfiguration;
			buildSettings = {
				ALWAYS_EMBED_SWIFT_STANDARD_LIBRARIES = YES;
				CODE_SIGN_STYLE = Automatic;
				DEVELOPMENT_TEAM = 6V73VZX49U;
				INFOPLIST_FILE = HelloWorldUITests/Info.plist;
				LD_RUNPATH_SEARCH_PATHS = (
					"$(inherited)",
					"@executable_path/Frameworks",
					"@loader_path/Frameworks",
				);
				PRODUCT_BUNDLE_IDENTIFIER = com.jungwon.HelloWorldUITests;
				PRODUCT_NAME = "$(TARGET_NAME)";
				SWIFT_VERSION = 5.0;
				TARGETED_DEVICE_FAMILY = "1,2";
				TEST_TARGET_NAME = HelloWorld;
			};
			name = Debug;
		};
		8279B4052598A1B800F71C3A /* Release */ = {
			isa = XCBuildConfiguration;
			buildSettings = {
				ALWAYS_EMBED_SWIFT_STANDARD_LIBRARIES = YES;
				CODE_SIGN_STYLE = Automatic;
				DEVELOPMENT_TEAM = 6V73VZX49U;
				INFOPLIST_FILE = HelloWorldUITests/Info.plist;
				LD_RUNPATH_SEARCH_PATHS = (
					"$(inherited)",
					"@executable_path/Frameworks",
					"@loader_path/Frameworks",
				);
				PRODUCT_BUNDLE_IDENTIFIER = com.jungwon.HelloWorldUITests;
				PRODUCT_NAME = "$(TARGET_NAME)";
				SWIFT_VERSION = 5.0;
				TARGETED_DEVICE_FAMILY = "1,2";
				TEST_TARGET_NAME = HelloWorld;
			};
			name = Release;
		};
/* End XCBuildConfiguration section */

/* Begin XCConfigurationList section */
		8279B3CE2598A1B500F71C3A /* Build configuration list for PBXProject "HelloWorld" */ = {
			isa = XCConfigurationList;
			buildConfigurations = (
				8279B3FB2598A1B800F71C3A /* Debug */,
				8279B3FC2598A1B800F71C3A /* Release */,
			);
			defaultConfigurationIsVisible = 0;
			defaultConfigurationName = Release;
		};
		8279B3FD2598A1B800F71C3A /* Build configuration list for PBXNativeTarget "HelloWorld" */ = {
			isa = XCConfigurationList;
			buildConfigurations = (
				8279B3FE2598A1B800F71C3A /* Debug */,
				8279B3FF2598A1B800F71C3A /* Release */,
			);
			defaultConfigurationIsVisible = 0;
			defaultConfigurationName = Release;
		};
		8279B4002598A1B800F71C3A /* Build configuration list for PBXNativeTarget "HelloWorldTests" */ = {
			isa = XCConfigurationList;
			buildConfigurations = (
				8279B4012598A1B800F71C3A /* Debug */,
				8279B4022598A1B800F71C3A /* Release */,
			);
			defaultConfigurationIsVisible = 0;
			defaultConfigurationName = Release;
		};
		8279B4032598A1B800F71C3A /* Build configuration list for PBXNativeTarget "HelloWorldUITests" */ = {
			isa = XCConfigurationList;
			buildConfigurations = (
				8279B4042598A1B800F71C3A /* Debug */,
				8279B4052598A1B800F71C3A /* Release */,
			);
			defaultConfigurationIsVisible = 0;
			defaultConfigurationName = Release;
		};
/* End XCConfigurationList section */
	};
	rootObject = 8279B3CB2598A1B500F71C3A /* Project object */;
}
